// !$*UTF8*$!
{
	archiveVersion = 1;
	classes = {
	};
	objectVersion = 52;
	objects = {

/* Begin PBXBuildFile section */
		330DD8C424598AA700BC9E0B /* MDParser+Api.swift in Sources */ = {isa = PBXBuildFile; fileRef = 330DD8C324598AA700BC9E0B /* MDParser+Api.swift */; };
		330DD8C624598E6800BC9E0B /* MDApiResponse.swift in Sources */ = {isa = PBXBuildFile; fileRef = 330DD8C524598E6800BC9E0B /* MDApiResponse.swift */; };
		330DD8C824599C2900BC9E0B /* MDGroup.swift in Sources */ = {isa = PBXBuildFile; fileRef = 330DD8C724599C2900BC9E0B /* MDGroup.swift */; };
		330DD8CA2459A50300BC9E0B /* MDParser+GroupInfo.swift in Sources */ = {isa = PBXBuildFile; fileRef = 330DD8C92459A50300BC9E0B /* MDParser+GroupInfo.swift */; };
		330DD8CE2459C99A00BC9E0B /* MDAuth.swift in Sources */ = {isa = PBXBuildFile; fileRef = 330DD8CD2459C99A00BC9E0B /* MDAuth.swift */; };
		330DD8D02459E89500BC9E0B /* Secret.bundle in Resources */ = {isa = PBXBuildFile; fileRef = 330DD8CF2459E89500BC9E0B /* Secret.bundle */; };
		33237CF9245C900F001634FF /* MDPath+Constants.swift in Sources */ = {isa = PBXBuildFile; fileRef = 33237CF8245C900F001634FF /* MDPath+Constants.swift */; };
		33237CFB245CA1A6001634FF /* MDRequestOptions.swift in Sources */ = {isa = PBXBuildFile; fileRef = 33237CFA245CA1A6001634FF /* MDRequestOptions.swift */; };
		3353B57E245789BE0066B8D5 /* MangaDexLib.h in Headers */ = {isa = PBXBuildFile; fileRef = 3353B57C245789BE0066B8D5 /* MangaDexLib.h */; settings = {ATTRIBUTES = (Public, ); }; };
		3353B585245789E10066B8D5 /* MDConstants.swift in Sources */ = {isa = PBXBuildFile; fileRef = 3353B584245789E10066B8D5 /* MDConstants.swift */; };
		3353B587245789E40066B8D5 /* MDPath.swift in Sources */ = {isa = PBXBuildFile; fileRef = 3353B586245789E40066B8D5 /* MDPath.swift */; };
		3353B5A024578A350066B8D5 /* MangaDexLib.framework in Frameworks */ = {isa = PBXBuildFile; fileRef = 3353B579245789BE0066B8D5 /* MangaDexLib.framework */; };
		3353B5A724578A3E0066B8D5 /* MDLibPathTests.swift in Sources */ = {isa = PBXBuildFile; fileRef = 3353B5A624578A3E0066B8D5 /* MDLibPathTests.swift */; };
		3353B5AC24578F710066B8D5 /* MDApi.swift in Sources */ = {isa = PBXBuildFile; fileRef = 3353B5AB24578F710066B8D5 /* MDApi.swift */; };
		3353B5AE2457905C0066B8D5 /* MDRequestHandler.swift in Sources */ = {isa = PBXBuildFile; fileRef = 3353B5AD2457905C0066B8D5 /* MDRequestHandler.swift */; };
		3353B5B9245795620066B8D5 /* WebKit.framework in Frameworks */ = {isa = PBXBuildFile; fileRef = 3353B5B8245795620066B8D5 /* WebKit.framework */; platformFilter = ios; };
		3353B5BB245797930066B8D5 /* MDSearch.swift in Sources */ = {isa = PBXBuildFile; fileRef = 3353B5BA245797930066B8D5 /* MDSearch.swift */; };
		3353B5BD2457A25E0066B8D5 /* MDLibApiTests.swift in Sources */ = {isa = PBXBuildFile; fileRef = 3353B5BC2457A25E0066B8D5 /* MDLibApiTests.swift */; };
		3353B5BF2457A7AF0066B8D5 /* MDParser.swift in Sources */ = {isa = PBXBuildFile; fileRef = 3353B5BE2457A7AF0066B8D5 /* MDParser.swift */; };
		3354C76B24585D8D00E65B8A /* MDResponse.swift in Sources */ = {isa = PBXBuildFile; fileRef = 3354C76A24585D8D00E65B8A /* MDResponse.swift */; };
		3354C76D2458798D00E65B8A /* MDLibRequestHandlerTests.swift in Sources */ = {isa = PBXBuildFile; fileRef = 3354C76C2458798D00E65B8A /* MDLibRequestHandlerTests.swift */; };
		3354C76F245881D600E65B8A /* MDResource.swift in Sources */ = {isa = PBXBuildFile; fileRef = 3354C76E245881D600E65B8A /* MDResource.swift */; };
		3354C77124588A4F00E65B8A /* MDManga.swift in Sources */ = {isa = PBXBuildFile; fileRef = 3354C77024588A4F00E65B8A /* MDManga.swift */; };
		3354C77424588BEB00E65B8A /* MDChapter.swift in Sources */ = {isa = PBXBuildFile; fileRef = 3354C77324588BEB00E65B8A /* MDChapter.swift */; };
		3354C77B2458909B00E65B8A /* SwiftSoup.framework in Frameworks */ = {isa = PBXBuildFile; fileRef = 3354C77A2458909B00E65B8A /* SwiftSoup.framework */; platformFilter = ios; };
		3392DBFE245AFF5400121CB6 /* MDError.swift in Sources */ = {isa = PBXBuildFile; fileRef = 3392DBFD245AFF5400121CB6 /* MDError.swift */; };
		339899342458D94300AEEE39 /* MDComment.swift in Sources */ = {isa = PBXBuildFile; fileRef = 339899332458D94300AEEE39 /* MDComment.swift */; };
		339899362458D9AE00AEEE39 /* MDUser.swift in Sources */ = {isa = PBXBuildFile; fileRef = 339899352458D9AE00AEEE39 /* MDUser.swift */; };
		339899382458F42200AEEE39 /* MDAnnouncement.swift in Sources */ = {isa = PBXBuildFile; fileRef = 339899372458F42200AEEE39 /* MDAnnouncement.swift */; };
		3398993A2458F75D00AEEE39 /* MDLibParserTests.swift in Sources */ = {isa = PBXBuildFile; fileRef = 339899392458F75D00AEEE39 /* MDLibParserTests.swift */; };
		3398993D2458FB7D00AEEE39 /* MDParser+Announcement.swift in Sources */ = {isa = PBXBuildFile; fileRef = 3398993C2458FB7D00AEEE39 /* MDParser+Announcement.swift */; };
		3398993F2458FBA000AEEE39 /* MDParser+MangaList.swift in Sources */ = {isa = PBXBuildFile; fileRef = 3398993E2458FBA000AEEE39 /* MDParser+MangaList.swift */; };
		339899412458FBEC00AEEE39 /* MDParser+MangaDetails.swift in Sources */ = {isa = PBXBuildFile; fileRef = 339899402458FBEC00AEEE39 /* MDParser+MangaDetails.swift */; };
		339899432458FC3300AEEE39 /* MDParser+Comments.swift in Sources */ = {isa = PBXBuildFile; fileRef = 339899422458FC3300AEEE39 /* MDParser+Comments.swift */; };
		339899452458FC4F00AEEE39 /* MDParser+Login.swift in Sources */ = {isa = PBXBuildFile; fileRef = 339899442458FC4F00AEEE39 /* MDParser+Login.swift */; };
		33F8A672245B0979001C3A56 /* MDApi+HTML.swift in Sources */ = {isa = PBXBuildFile; fileRef = 33F8A671245B0979001C3A56 /* MDApi+HTML.swift */; };
		33F8A674245B0991001C3A56 /* MDApi+JSON.swift in Sources */ = {isa = PBXBuildFile; fileRef = 33F8A673245B0991001C3A56 /* MDApi+JSON.swift */; };
		33F8A676245B09B2001C3A56 /* MDApi+Auth.swift in Sources */ = {isa = PBXBuildFile; fileRef = 33F8A675245B09B2001C3A56 /* MDApi+Auth.swift */; };
		33F8A678245B5609001C3A56 /* MDParser+ChapterList.swift in Sources */ = {isa = PBXBuildFile; fileRef = 33F8A677245B5609001C3A56 /* MDParser+ChapterList.swift */; };
/* End PBXBuildFile section */

/* Begin PBXContainerItemProxy section */
		3353B5A124578A350066B8D5 /* PBXContainerItemProxy */ = {
			isa = PBXContainerItemProxy;
			containerPortal = 3353B570245789BE0066B8D5 /* Project object */;
			proxyType = 1;
			remoteGlobalIDString = 3353B578245789BE0066B8D5;
			remoteInfo = MangaDexLib;
		};
/* End PBXContainerItemProxy section */

/* Begin PBXFileReference section */
		330DD8C324598AA700BC9E0B /* MDParser+Api.swift */ = {isa = PBXFileReference; lastKnownFileType = sourcecode.swift; path = "MDParser+Api.swift"; sourceTree = "<group>"; };
		330DD8C524598E6800BC9E0B /* MDApiResponse.swift */ = {isa = PBXFileReference; lastKnownFileType = sourcecode.swift; path = MDApiResponse.swift; sourceTree = "<group>"; };
		330DD8C724599C2900BC9E0B /* MDGroup.swift */ = {isa = PBXFileReference; lastKnownFileType = sourcecode.swift; path = MDGroup.swift; sourceTree = "<group>"; };
		330DD8C92459A50300BC9E0B /* MDParser+GroupInfo.swift */ = {isa = PBXFileReference; lastKnownFileType = sourcecode.swift; path = "MDParser+GroupInfo.swift"; sourceTree = "<group>"; };
		330DD8CD2459C99A00BC9E0B /* MDAuth.swift */ = {isa = PBXFileReference; lastKnownFileType = sourcecode.swift; path = MDAuth.swift; sourceTree = "<group>"; };
		330DD8CF2459E89500BC9E0B /* Secret.bundle */ = {isa = PBXFileReference; lastKnownFileType = "wrapper.plug-in"; path = Secret.bundle; sourceTree = "<group>"; };
		33237CF8245C900F001634FF /* MDPath+Constants.swift */ = {isa = PBXFileReference; lastKnownFileType = sourcecode.swift; path = "MDPath+Constants.swift"; sourceTree = "<group>"; };
		33237CFA245CA1A6001634FF /* MDRequestOptions.swift */ = {isa = PBXFileReference; lastKnownFileType = sourcecode.swift; path = MDRequestOptions.swift; sourceTree = "<group>"; };
		3353B579245789BE0066B8D5 /* MangaDexLib.framework */ = {isa = PBXFileReference; explicitFileType = wrapper.framework; includeInIndex = 0; path = MangaDexLib.framework; sourceTree = BUILT_PRODUCTS_DIR; };
		3353B57C245789BE0066B8D5 /* MangaDexLib.h */ = {isa = PBXFileReference; lastKnownFileType = sourcecode.c.h; path = MangaDexLib.h; sourceTree = "<group>"; };
		3353B57D245789BE0066B8D5 /* Info.plist */ = {isa = PBXFileReference; lastKnownFileType = text.plist.xml; path = Info.plist; sourceTree = "<group>"; };
		3353B584245789E10066B8D5 /* MDConstants.swift */ = {isa = PBXFileReference; fileEncoding = 4; lastKnownFileType = sourcecode.swift; path = MDConstants.swift; sourceTree = "<group>"; };
		3353B586245789E40066B8D5 /* MDPath.swift */ = {isa = PBXFileReference; fileEncoding = 4; lastKnownFileType = sourcecode.swift; path = MDPath.swift; sourceTree = "<group>"; };
		3353B59B24578A350066B8D5 /* MangaDexLibTests.xctest */ = {isa = PBXFileReference; explicitFileType = wrapper.cfbundle; includeInIndex = 0; path = MangaDexLibTests.xctest; sourceTree = BUILT_PRODUCTS_DIR; };
		3353B59F24578A350066B8D5 /* Info.plist */ = {isa = PBXFileReference; lastKnownFileType = text.plist.xml; path = Info.plist; sourceTree = "<group>"; };
		3353B5A624578A3E0066B8D5 /* MDLibPathTests.swift */ = {isa = PBXFileReference; fileEncoding = 4; lastKnownFileType = sourcecode.swift; path = MDLibPathTests.swift; sourceTree = "<group>"; };
		3353B5AB24578F710066B8D5 /* MDApi.swift */ = {isa = PBXFileReference; lastKnownFileType = sourcecode.swift; path = MDApi.swift; sourceTree = "<group>"; };
		3353B5AD2457905C0066B8D5 /* MDRequestHandler.swift */ = {isa = PBXFileReference; lastKnownFileType = sourcecode.swift; path = MDRequestHandler.swift; sourceTree = "<group>"; };
		3353B5B8245795620066B8D5 /* WebKit.framework */ = {isa = PBXFileReference; lastKnownFileType = wrapper.framework; name = WebKit.framework; path = Platforms/MacOSX.platform/Developer/SDKs/MacOSX10.15.sdk/System/Library/Frameworks/WebKit.framework; sourceTree = DEVELOPER_DIR; };
		3353B5BA245797930066B8D5 /* MDSearch.swift */ = {isa = PBXFileReference; lastKnownFileType = sourcecode.swift; path = MDSearch.swift; sourceTree = "<group>"; };
		3353B5BC2457A25E0066B8D5 /* MDLibApiTests.swift */ = {isa = PBXFileReference; lastKnownFileType = sourcecode.swift; path = MDLibApiTests.swift; sourceTree = "<group>"; };
		3353B5BE2457A7AF0066B8D5 /* MDParser.swift */ = {isa = PBXFileReference; lastKnownFileType = sourcecode.swift; path = MDParser.swift; sourceTree = "<group>"; };
		3354C76A24585D8D00E65B8A /* MDResponse.swift */ = {isa = PBXFileReference; lastKnownFileType = sourcecode.swift; path = MDResponse.swift; sourceTree = "<group>"; };
		3354C76C2458798D00E65B8A /* MDLibRequestHandlerTests.swift */ = {isa = PBXFileReference; lastKnownFileType = sourcecode.swift; path = MDLibRequestHandlerTests.swift; sourceTree = "<group>"; };
		3354C76E245881D600E65B8A /* MDResource.swift */ = {isa = PBXFileReference; lastKnownFileType = sourcecode.swift; path = MDResource.swift; sourceTree = "<group>"; };
		3354C77024588A4F00E65B8A /* MDManga.swift */ = {isa = PBXFileReference; lastKnownFileType = sourcecode.swift; path = MDManga.swift; sourceTree = "<group>"; };
		3354C77324588BEB00E65B8A /* MDChapter.swift */ = {isa = PBXFileReference; lastKnownFileType = sourcecode.swift; path = MDChapter.swift; sourceTree = "<group>"; };
		3354C77A2458909B00E65B8A /* SwiftSoup.framework */ = {isa = PBXFileReference; lastKnownFileType = wrapper.framework; name = SwiftSoup.framework; path = Carthage/Build/iOS/SwiftSoup.framework; sourceTree = "<group>"; };
		3392DBFD245AFF5400121CB6 /* MDError.swift */ = {isa = PBXFileReference; lastKnownFileType = sourcecode.swift; path = MDError.swift; sourceTree = "<group>"; };
		339899332458D94300AEEE39 /* MDComment.swift */ = {isa = PBXFileReference; lastKnownFileType = sourcecode.swift; path = MDComment.swift; sourceTree = "<group>"; };
		339899352458D9AE00AEEE39 /* MDUser.swift */ = {isa = PBXFileReference; lastKnownFileType = sourcecode.swift; path = MDUser.swift; sourceTree = "<group>"; };
		339899372458F42200AEEE39 /* MDAnnouncement.swift */ = {isa = PBXFileReference; lastKnownFileType = sourcecode.swift; path = MDAnnouncement.swift; sourceTree = "<group>"; };
		339899392458F75D00AEEE39 /* MDLibParserTests.swift */ = {isa = PBXFileReference; lastKnownFileType = sourcecode.swift; path = MDLibParserTests.swift; sourceTree = "<group>"; };
		3398993C2458FB7D00AEEE39 /* MDParser+Announcement.swift */ = {isa = PBXFileReference; lastKnownFileType = sourcecode.swift; path = "MDParser+Announcement.swift"; sourceTree = "<group>"; };
		3398993E2458FBA000AEEE39 /* MDParser+MangaList.swift */ = {isa = PBXFileReference; lastKnownFileType = sourcecode.swift; path = "MDParser+MangaList.swift"; sourceTree = "<group>"; };
		339899402458FBEC00AEEE39 /* MDParser+MangaDetails.swift */ = {isa = PBXFileReference; lastKnownFileType = sourcecode.swift; path = "MDParser+MangaDetails.swift"; sourceTree = "<group>"; };
		339899422458FC3300AEEE39 /* MDParser+Comments.swift */ = {isa = PBXFileReference; lastKnownFileType = sourcecode.swift; path = "MDParser+Comments.swift"; sourceTree = "<group>"; };
		339899442458FC4F00AEEE39 /* MDParser+Login.swift */ = {isa = PBXFileReference; lastKnownFileType = sourcecode.swift; path = "MDParser+Login.swift"; sourceTree = "<group>"; };
		33F8A671245B0979001C3A56 /* MDApi+HTML.swift */ = {isa = PBXFileReference; lastKnownFileType = sourcecode.swift; path = "MDApi+HTML.swift"; sourceTree = "<group>"; };
		33F8A673245B0991001C3A56 /* MDApi+JSON.swift */ = {isa = PBXFileReference; lastKnownFileType = sourcecode.swift; path = "MDApi+JSON.swift"; sourceTree = "<group>"; };
		33F8A675245B09B2001C3A56 /* MDApi+Auth.swift */ = {isa = PBXFileReference; lastKnownFileType = sourcecode.swift; path = "MDApi+Auth.swift"; sourceTree = "<group>"; };
		33F8A677245B5609001C3A56 /* MDParser+ChapterList.swift */ = {isa = PBXFileReference; lastKnownFileType = sourcecode.swift; path = "MDParser+ChapterList.swift"; sourceTree = "<group>"; };
/* End PBXFileReference section */

/* Begin PBXFrameworksBuildPhase section */
		3353B576245789BE0066B8D5 /* Frameworks */ = {
			isa = PBXFrameworksBuildPhase;
			buildActionMask = 2147483647;
			files = (
				3353B5B9245795620066B8D5 /* WebKit.framework in Frameworks */,
				3354C77B2458909B00E65B8A /* SwiftSoup.framework in Frameworks */,
			);
			runOnlyForDeploymentPostprocessing = 0;
		};
		3353B59824578A350066B8D5 /* Frameworks */ = {
			isa = PBXFrameworksBuildPhase;
			buildActionMask = 2147483647;
			files = (
				3353B5A024578A350066B8D5 /* MangaDexLib.framework in Frameworks */,
			);
			runOnlyForDeploymentPostprocessing = 0;
		};
/* End PBXFrameworksBuildPhase section */

/* Begin PBXGroup section */
		3353B56F245789BE0066B8D5 = {
			isa = PBXGroup;
			children = (
				3353B57B245789BE0066B8D5 /* MangaDexLib */,
				3353B59C24578A350066B8D5 /* MangaDexLibTests */,
				3353B57A245789BE0066B8D5 /* Products */,
				3353B5AF245791C10066B8D5 /* Frameworks */,
			);
			sourceTree = "<group>";
		};
		3353B57A245789BE0066B8D5 /* Products */ = {
			isa = PBXGroup;
			children = (
				3353B579245789BE0066B8D5 /* MangaDexLib.framework */,
				3353B59B24578A350066B8D5 /* MangaDexLibTests.xctest */,
			);
			name = Products;
			sourceTree = "<group>";
		};
		3353B57B245789BE0066B8D5 /* MangaDexLib */ = {
			isa = PBXGroup;
			children = (
				3353B57C245789BE0066B8D5 /* MangaDexLib.h */,
				3353B57D245789BE0066B8D5 /* Info.plist */,
				3353B584245789E10066B8D5 /* MDConstants.swift */,
				33F8A670245B0947001C3A56 /* API */,
				3354C77224588BDB00E65B8A /* Objects */,
				3398993B2458FB2E00AEEE39 /* Parsing */,
				3354C77524588D3000E65B8A /* Requests */,
			);
			path = MangaDexLib;
			sourceTree = "<group>";
		};
		3353B59C24578A350066B8D5 /* MangaDexLibTests */ = {
			isa = PBXGroup;
			children = (
				3353B5BC2457A25E0066B8D5 /* MDLibApiTests.swift */,
				339899392458F75D00AEEE39 /* MDLibParserTests.swift */,
				3353B5A624578A3E0066B8D5 /* MDLibPathTests.swift */,
				3354C76C2458798D00E65B8A /* MDLibRequestHandlerTests.swift */,
				3353B59F24578A350066B8D5 /* Info.plist */,
				330DD8CF2459E89500BC9E0B /* Secret.bundle */,
			);
			path = MangaDexLibTests;
			sourceTree = "<group>";
		};
		3353B5AF245791C10066B8D5 /* Frameworks */ = {
			isa = PBXGroup;
			children = (
				3354C77A2458909B00E65B8A /* SwiftSoup.framework */,
				3353B5B8245795620066B8D5 /* WebKit.framework */,
			);
			name = Frameworks;
			sourceTree = "<group>";
		};
		3354C77224588BDB00E65B8A /* Objects */ = {
			isa = PBXGroup;
			children = (
				339899372458F42200AEEE39 /* MDAnnouncement.swift */,
				3354C77324588BEB00E65B8A /* MDChapter.swift */,
				339899332458D94300AEEE39 /* MDComment.swift */,
				330DD8C724599C2900BC9E0B /* MDGroup.swift */,
				3354C77024588A4F00E65B8A /* MDManga.swift */,
				339899352458D9AE00AEEE39 /* MDUser.swift */,
				3354C76E245881D600E65B8A /* MDResource.swift */,
				3353B5BA245797930066B8D5 /* MDSearch.swift */,
				330DD8CD2459C99A00BC9E0B /* MDAuth.swift */,
			);
			path = Objects;
			sourceTree = "<group>";
		};
		3354C77524588D3000E65B8A /* Requests */ = {
			isa = PBXGroup;
			children = (
				3353B5AD2457905C0066B8D5 /* MDRequestHandler.swift */,
				33237CFA245CA1A6001634FF /* MDRequestOptions.swift */,
				3354C76A24585D8D00E65B8A /* MDResponse.swift */,
				330DD8C524598E6800BC9E0B /* MDApiResponse.swift */,
			);
			path = Requests;
			sourceTree = "<group>";
		};
		3398993B2458FB2E00AEEE39 /* Parsing */ = {
			isa = PBXGroup;
			children = (
				3353B5BE2457A7AF0066B8D5 /* MDParser.swift */,
				3398993C2458FB7D00AEEE39 /* MDParser+Announcement.swift */,
				330DD8C324598AA700BC9E0B /* MDParser+Api.swift */,
				339899422458FC3300AEEE39 /* MDParser+Comments.swift */,
				339899442458FC4F00AEEE39 /* MDParser+Login.swift */,
				339899402458FBEC00AEEE39 /* MDParser+MangaDetails.swift */,
				3398993E2458FBA000AEEE39 /* MDParser+MangaList.swift */,
				33F8A677245B5609001C3A56 /* MDParser+ChapterList.swift */,
				330DD8C92459A50300BC9E0B /* MDParser+GroupInfo.swift */,
			);
			path = Parsing;
			sourceTree = "<group>";
		};
		33F8A670245B0947001C3A56 /* API */ = {
			isa = PBXGroup;
			children = (
				3353B5AB24578F710066B8D5 /* MDApi.swift */,
				33F8A671245B0979001C3A56 /* MDApi+HTML.swift */,
				33F8A673245B0991001C3A56 /* MDApi+JSON.swift */,
				33F8A675245B09B2001C3A56 /* MDApi+Auth.swift */,
				3392DBFD245AFF5400121CB6 /* MDError.swift */,
				3353B586245789E40066B8D5 /* MDPath.swift */,
				33237CF8245C900F001634FF /* MDPath+Constants.swift */,
			);
			path = API;
			sourceTree = "<group>";
		};
/* End PBXGroup section */

/* Begin PBXHeadersBuildPhase section */
		3353B574245789BE0066B8D5 /* Headers */ = {
			isa = PBXHeadersBuildPhase;
			buildActionMask = 2147483647;
			files = (
				3353B57E245789BE0066B8D5 /* MangaDexLib.h in Headers */,
			);
			runOnlyForDeploymentPostprocessing = 0;
		};
/* End PBXHeadersBuildPhase section */

/* Begin PBXNativeTarget section */
		3353B578245789BE0066B8D5 /* MangaDexLib */ = {
			isa = PBXNativeTarget;
			buildConfigurationList = 3353B581245789BE0066B8D5 /* Build configuration list for PBXNativeTarget "MangaDexLib" */;
			buildPhases = (
				3353B574245789BE0066B8D5 /* Headers */,
				3353B575245789BE0066B8D5 /* Sources */,
				3353B576245789BE0066B8D5 /* Frameworks */,
				3353B577245789BE0066B8D5 /* Resources */,
			);
			buildRules = (
			);
			dependencies = (
			);
			name = MangaDexLib;
			productName = MangaDexLib;
			productReference = 3353B579245789BE0066B8D5 /* MangaDexLib.framework */;
			productType = "com.apple.product-type.framework";
		};
		3353B59A24578A350066B8D5 /* MangaDexLibTests */ = {
			isa = PBXNativeTarget;
			buildConfigurationList = 3353B5A324578A350066B8D5 /* Build configuration list for PBXNativeTarget "MangaDexLibTests" */;
			buildPhases = (
				3353B59724578A350066B8D5 /* Sources */,
				3353B59824578A350066B8D5 /* Frameworks */,
				3353B59924578A350066B8D5 /* Resources */,
				3353B5A824578B330066B8D5 /* SwiftLint */,
				3353B5A924578B390066B8D5 /* Carthage */,
				3353B5AA24578B650066B8D5 /* Carthage outdated dependencies check */,
			);
			buildRules = (
			);
			dependencies = (
				3353B5A224578A350066B8D5 /* PBXTargetDependency */,
			);
			name = MangaDexLibTests;
			productName = MangaDexLibTests;
			productReference = 3353B59B24578A350066B8D5 /* MangaDexLibTests.xctest */;
			productType = "com.apple.product-type.bundle.unit-test";
		};
/* End PBXNativeTarget section */

/* Begin PBXProject section */
		3353B570245789BE0066B8D5 /* Project object */ = {
			isa = PBXProject;
			attributes = {
				LastSwiftUpdateCheck = 1140;
				LastUpgradeCheck = 1140;
				ORGANIZATIONNAME = JustKodding;
				TargetAttributes = {
					3353B578245789BE0066B8D5 = {
						CreatedOnToolsVersion = 11.4.1;
						LastSwiftMigration = 1140;
					};
					3353B59A24578A350066B8D5 = {
						CreatedOnToolsVersion = 11.4.1;
					};
				};
			};
			buildConfigurationList = 3353B573245789BE0066B8D5 /* Build configuration list for PBXProject "MangaDexLib" */;
			compatibilityVersion = "Xcode 9.3";
			developmentRegion = en;
			hasScannedForEncodings = 0;
			knownRegions = (
				en,
				Base,
			);
			mainGroup = 3353B56F245789BE0066B8D5;
			productRefGroup = 3353B57A245789BE0066B8D5 /* Products */;
			projectDirPath = "";
			projectRoot = "";
			targets = (
				3353B578245789BE0066B8D5 /* MangaDexLib */,
				3353B59A24578A350066B8D5 /* MangaDexLibTests */,
			);
		};
/* End PBXProject section */

/* Begin PBXResourcesBuildPhase section */
		3353B577245789BE0066B8D5 /* Resources */ = {
			isa = PBXResourcesBuildPhase;
			buildActionMask = 2147483647;
			files = (
			);
			runOnlyForDeploymentPostprocessing = 0;
		};
		3353B59924578A350066B8D5 /* Resources */ = {
			isa = PBXResourcesBuildPhase;
			buildActionMask = 2147483647;
			files = (
				330DD8D02459E89500BC9E0B /* Secret.bundle in Resources */,
			);
			runOnlyForDeploymentPostprocessing = 0;
		};
/* End PBXResourcesBuildPhase section */

/* Begin PBXShellScriptBuildPhase section */
		3353B5A824578B330066B8D5 /* SwiftLint */ = {
			isa = PBXShellScriptBuildPhase;
			buildActionMask = 2147483647;
			files = (
			);
			inputFileListPaths = (
			);
			inputPaths = (
			);
			name = SwiftLint;
			outputFileListPaths = (
			);
			outputPaths = (
			);
			runOnlyForDeploymentPostprocessing = 0;
			shellPath = /bin/sh;
			shellScript = "if which swiftlint >/dev/null; then\n  swiftlint\nelse\n  echo \"warning: SwiftLint not installed, download from https://github.com/realm/SwiftLint\"\nfi\n";
		};
		3353B5A924578B390066B8D5 /* Carthage */ = {
			isa = PBXShellScriptBuildPhase;
			buildActionMask = 2147483647;
			files = (
			);
			inputFileListPaths = (
				"$(SRCROOT)/input.xcfilelist",
			);
			inputPaths = (
			);
			name = Carthage;
			outputFileListPaths = (
				"$(SRCROOT)/output.xcfilelist",
			);
			outputPaths = (
			);
			runOnlyForDeploymentPostprocessing = 0;
			shellPath = /bin/sh;
			shellScript = "/usr/local/bin/carthage copy-frameworks\n";
		};
		3353B5AA24578B650066B8D5 /* Carthage outdated dependencies check */ = {
			isa = PBXShellScriptBuildPhase;
			buildActionMask = 2147483647;
			files = (
			);
			inputFileListPaths = (
			);
			inputPaths = (
			);
			name = "Carthage outdated dependencies check";
			outputFileListPaths = (
			);
			outputPaths = (
			);
			runOnlyForDeploymentPostprocessing = 0;
			shellPath = /bin/sh;
			shellScript = "/usr/local/bin/carthage outdated --xcode-warnings 2>/dev/null\n";
		};
/* End PBXShellScriptBuildPhase section */

/* Begin PBXSourcesBuildPhase section */
		3353B575245789BE0066B8D5 /* Sources */ = {
			isa = PBXSourcesBuildPhase;
			buildActionMask = 2147483647;
			files = (
				3353B585245789E10066B8D5 /* MDConstants.swift in Sources */,
				339899452458FC4F00AEEE39 /* MDParser+Login.swift in Sources */,
				3353B5BF2457A7AF0066B8D5 /* MDParser.swift in Sources */,
				33F8A674245B0991001C3A56 /* MDApi+JSON.swift in Sources */,
				33F8A672245B0979001C3A56 /* MDApi+HTML.swift in Sources */,
				3392DBFE245AFF5400121CB6 /* MDError.swift in Sources */,
				33237CFB245CA1A6001634FF /* MDRequestOptions.swift in Sources */,
				3398993F2458FBA000AEEE39 /* MDParser+MangaList.swift in Sources */,
				339899342458D94300AEEE39 /* MDComment.swift in Sources */,
				330DD8CE2459C99A00BC9E0B /* MDAuth.swift in Sources */,
				339899432458FC3300AEEE39 /* MDParser+Comments.swift in Sources */,
				3353B5BB245797930066B8D5 /* MDSearch.swift in Sources */,
				339899382458F42200AEEE39 /* MDAnnouncement.swift in Sources */,
				3354C76B24585D8D00E65B8A /* MDResponse.swift in Sources */,
				3354C77124588A4F00E65B8A /* MDManga.swift in Sources */,
				330DD8C424598AA700BC9E0B /* MDParser+Api.swift in Sources */,
				3354C76F245881D600E65B8A /* MDResource.swift in Sources */,
				330DD8C824599C2900BC9E0B /* MDGroup.swift in Sources */,
				330DD8C624598E6800BC9E0B /* MDApiResponse.swift in Sources */,
				339899362458D9AE00AEEE39 /* MDUser.swift in Sources */,
				3354C77424588BEB00E65B8A /* MDChapter.swift in Sources */,
				3353B5AE2457905C0066B8D5 /* MDRequestHandler.swift in Sources */,
				33F8A678245B5609001C3A56 /* MDParser+ChapterList.swift in Sources */,
				33F8A676245B09B2001C3A56 /* MDApi+Auth.swift in Sources */,
				33237CF9245C900F001634FF /* MDPath+Constants.swift in Sources */,
				339899412458FBEC00AEEE39 /* MDParser+MangaDetails.swift in Sources */,
				3353B5AC24578F710066B8D5 /* MDApi.swift in Sources */,
				3398993D2458FB7D00AEEE39 /* MDParser+Announcement.swift in Sources */,
				3353B587245789E40066B8D5 /* MDPath.swift in Sources */,
				330DD8CA2459A50300BC9E0B /* MDParser+GroupInfo.swift in Sources */,
			);
			runOnlyForDeploymentPostprocessing = 0;
		};
		3353B59724578A350066B8D5 /* Sources */ = {
			isa = PBXSourcesBuildPhase;
			buildActionMask = 2147483647;
			files = (
				3353B5A724578A3E0066B8D5 /* MDLibPathTests.swift in Sources */,
				3398993A2458F75D00AEEE39 /* MDLibParserTests.swift in Sources */,
				3354C76D2458798D00E65B8A /* MDLibRequestHandlerTests.swift in Sources */,
				3353B5BD2457A25E0066B8D5 /* MDLibApiTests.swift in Sources */,
			);
			runOnlyForDeploymentPostprocessing = 0;
		};
/* End PBXSourcesBuildPhase section */

/* Begin PBXTargetDependency section */
		3353B5A224578A350066B8D5 /* PBXTargetDependency */ = {
			isa = PBXTargetDependency;
			target = 3353B578245789BE0066B8D5 /* MangaDexLib */;
			targetProxy = 3353B5A124578A350066B8D5 /* PBXContainerItemProxy */;
		};
/* End PBXTargetDependency section */

/* Begin XCBuildConfiguration section */
		3353B57F245789BE0066B8D5 /* Debug */ = {
			isa = XCBuildConfiguration;
			buildSettings = {
				ALWAYS_SEARCH_USER_PATHS = NO;
				CLANG_ANALYZER_NONNULL = YES;
				CLANG_ANALYZER_NUMBER_OBJECT_CONVERSION = YES_AGGRESSIVE;
				CLANG_CXX_LANGUAGE_STANDARD = "gnu++14";
				CLANG_CXX_LIBRARY = "libc++";
				CLANG_ENABLE_MODULES = YES;
				CLANG_ENABLE_OBJC_ARC = YES;
				CLANG_ENABLE_OBJC_WEAK = YES;
				CLANG_WARN_BLOCK_CAPTURE_AUTORELEASING = YES;
				CLANG_WARN_BOOL_CONVERSION = YES;
				CLANG_WARN_COMMA = YES;
				CLANG_WARN_CONSTANT_CONVERSION = YES;
				CLANG_WARN_DEPRECATED_OBJC_IMPLEMENTATIONS = YES;
				CLANG_WARN_DIRECT_OBJC_ISA_USAGE = YES_ERROR;
				CLANG_WARN_DOCUMENTATION_COMMENTS = YES;
				CLANG_WARN_EMPTY_BODY = YES;
				CLANG_WARN_ENUM_CONVERSION = YES;
				CLANG_WARN_INFINITE_RECURSION = YES;
				CLANG_WARN_INT_CONVERSION = YES;
				CLANG_WARN_NON_LITERAL_NULL_CONVERSION = YES;
				CLANG_WARN_OBJC_IMPLICIT_RETAIN_SELF = YES;
				CLANG_WARN_OBJC_LITERAL_CONVERSION = YES;
				CLANG_WARN_OBJC_ROOT_CLASS = YES_ERROR;
				CLANG_WARN_RANGE_LOOP_ANALYSIS = YES;
				CLANG_WARN_STRICT_PROTOTYPES = YES;
				CLANG_WARN_SUSPICIOUS_MOVE = YES;
				CLANG_WARN_UNGUARDED_AVAILABILITY = YES_AGGRESSIVE;
				CLANG_WARN_UNREACHABLE_CODE = YES;
				CLANG_WARN__DUPLICATE_METHOD_MATCH = YES;
				COPY_PHASE_STRIP = NO;
				CURRENT_PROJECT_VERSION = 1;
				DEBUG_INFORMATION_FORMAT = dwarf;
				ENABLE_STRICT_OBJC_MSGSEND = YES;
				ENABLE_TESTABILITY = YES;
				GCC_C_LANGUAGE_STANDARD = gnu11;
				GCC_DYNAMIC_NO_PIC = NO;
				GCC_NO_COMMON_BLOCKS = YES;
				GCC_OPTIMIZATION_LEVEL = 0;
				GCC_PREPROCESSOR_DEFINITIONS = (
					"DEBUG=1",
					"$(inherited)",
				);
				GCC_WARN_64_TO_32_BIT_CONVERSION = YES;
				GCC_WARN_ABOUT_RETURN_TYPE = YES_ERROR;
				GCC_WARN_UNDECLARED_SELECTOR = YES;
				GCC_WARN_UNINITIALIZED_AUTOS = YES_AGGRESSIVE;
				GCC_WARN_UNUSED_FUNCTION = YES;
				GCC_WARN_UNUSED_VARIABLE = YES;
				IPHONEOS_DEPLOYMENT_TARGET = 13.4;
				MTL_ENABLE_DEBUG_INFO = INCLUDE_SOURCE;
				MTL_FAST_MATH = YES;
				ONLY_ACTIVE_ARCH = YES;
				SDKROOT = iphoneos;
				SWIFT_ACTIVE_COMPILATION_CONDITIONS = DEBUG;
				SWIFT_OPTIMIZATION_LEVEL = "-Onone";
				VERSIONING_SYSTEM = "apple-generic";
				VERSION_INFO_PREFIX = "";
			};
			name = Debug;
		};
		3353B580245789BE0066B8D5 /* Release */ = {
			isa = XCBuildConfiguration;
			buildSettings = {
				ALWAYS_SEARCH_USER_PATHS = NO;
				CLANG_ANALYZER_NONNULL = YES;
				CLANG_ANALYZER_NUMBER_OBJECT_CONVERSION = YES_AGGRESSIVE;
				CLANG_CXX_LANGUAGE_STANDARD = "gnu++14";
				CLANG_CXX_LIBRARY = "libc++";
				CLANG_ENABLE_MODULES = YES;
				CLANG_ENABLE_OBJC_ARC = YES;
				CLANG_ENABLE_OBJC_WEAK = YES;
				CLANG_WARN_BLOCK_CAPTURE_AUTORELEASING = YES;
				CLANG_WARN_BOOL_CONVERSION = YES;
				CLANG_WARN_COMMA = YES;
				CLANG_WARN_CONSTANT_CONVERSION = YES;
				CLANG_WARN_DEPRECATED_OBJC_IMPLEMENTATIONS = YES;
				CLANG_WARN_DIRECT_OBJC_ISA_USAGE = YES_ERROR;
				CLANG_WARN_DOCUMENTATION_COMMENTS = YES;
				CLANG_WARN_EMPTY_BODY = YES;
				CLANG_WARN_ENUM_CONVERSION = YES;
				CLANG_WARN_INFINITE_RECURSION = YES;
				CLANG_WARN_INT_CONVERSION = YES;
				CLANG_WARN_NON_LITERAL_NULL_CONVERSION = YES;
				CLANG_WARN_OBJC_IMPLICIT_RETAIN_SELF = YES;
				CLANG_WARN_OBJC_LITERAL_CONVERSION = YES;
				CLANG_WARN_OBJC_ROOT_CLASS = YES_ERROR;
				CLANG_WARN_RANGE_LOOP_ANALYSIS = YES;
				CLANG_WARN_STRICT_PROTOTYPES = YES;
				CLANG_WARN_SUSPICIOUS_MOVE = YES;
				CLANG_WARN_UNGUARDED_AVAILABILITY = YES_AGGRESSIVE;
				CLANG_WARN_UNREACHABLE_CODE = YES;
				CLANG_WARN__DUPLICATE_METHOD_MATCH = YES;
				COPY_PHASE_STRIP = NO;
				CURRENT_PROJECT_VERSION = 1;
				DEBUG_INFORMATION_FORMAT = "dwarf-with-dsym";
				ENABLE_NS_ASSERTIONS = NO;
				ENABLE_STRICT_OBJC_MSGSEND = YES;
				GCC_C_LANGUAGE_STANDARD = gnu11;
				GCC_NO_COMMON_BLOCKS = YES;
				GCC_WARN_64_TO_32_BIT_CONVERSION = YES;
				GCC_WARN_ABOUT_RETURN_TYPE = YES_ERROR;
				GCC_WARN_UNDECLARED_SELECTOR = YES;
				GCC_WARN_UNINITIALIZED_AUTOS = YES_AGGRESSIVE;
				GCC_WARN_UNUSED_FUNCTION = YES;
				GCC_WARN_UNUSED_VARIABLE = YES;
				IPHONEOS_DEPLOYMENT_TARGET = 13.4;
				MTL_ENABLE_DEBUG_INFO = NO;
				MTL_FAST_MATH = YES;
				SDKROOT = iphoneos;
				SWIFT_COMPILATION_MODE = wholemodule;
				SWIFT_OPTIMIZATION_LEVEL = "-O";
				VALIDATE_PRODUCT = YES;
				VERSIONING_SYSTEM = "apple-generic";
				VERSION_INFO_PREFIX = "";
			};
			name = Release;
		};
		3353B582245789BE0066B8D5 /* Debug */ = {
			isa = XCBuildConfiguration;
			buildSettings = {
				CLANG_ENABLE_MODULES = YES;
				CODE_SIGN_STYLE = Automatic;
				DEFINES_MODULE = YES;
				DEVELOPMENT_TEAM = 9J75238463;
				DYLIB_COMPATIBILITY_VERSION = 1;
				DYLIB_CURRENT_VERSION = 1;
				DYLIB_INSTALL_NAME_BASE = "@rpath";
				FRAMEWORK_SEARCH_PATHS = (
					"$(inherited)",
					"$(PROJECT_DIR)/Carthage/Build/iOS",
				);
				INFOPLIST_FILE = MangaDexLib/Info.plist;
				INSTALL_PATH = "$(LOCAL_LIBRARY_DIR)/Frameworks";
				LD_RUNPATH_SEARCH_PATHS = (
					"$(inherited)",
					"@executable_path/Frameworks",
					"@loader_path/Frameworks",
				);
				PRODUCT_BUNDLE_IDENTIFIER = com.JustKodding.MangaDexLib;
				PRODUCT_NAME = "$(TARGET_NAME:c99extidentifier)";
				SKIP_INSTALL = YES;
				SUPPORTS_MACCATALYST = NO;
				SWIFT_OPTIMIZATION_LEVEL = "-Onone";
				SWIFT_VERSION = 5.0;
				TARGETED_DEVICE_FAMILY = "1,2";
			};
			name = Debug;
		};
		3353B583245789BE0066B8D5 /* Release */ = {
			isa = XCBuildConfiguration;
			buildSettings = {
				CLANG_ENABLE_MODULES = YES;
				CODE_SIGN_STYLE = Automatic;
				DEFINES_MODULE = YES;
				DEVELOPMENT_TEAM = 9J75238463;
				DYLIB_COMPATIBILITY_VERSION = 1;
				DYLIB_CURRENT_VERSION = 1;
				DYLIB_INSTALL_NAME_BASE = "@rpath";
				FRAMEWORK_SEARCH_PATHS = (
					"$(inherited)",
					"$(PROJECT_DIR)/Carthage/Build/iOS",
				);
				INFOPLIST_FILE = MangaDexLib/Info.plist;
				INSTALL_PATH = "$(LOCAL_LIBRARY_DIR)/Frameworks";
				LD_RUNPATH_SEARCH_PATHS = (
					"$(inherited)",
					"@executable_path/Frameworks",
					"@loader_path/Frameworks",
				);
				PRODUCT_BUNDLE_IDENTIFIER = com.JustKodding.MangaDexLib;
				PRODUCT_NAME = "$(TARGET_NAME:c99extidentifier)";
				SKIP_INSTALL = YES;
				SUPPORTS_MACCATALYST = NO;
				SWIFT_VERSION = 5.0;
				TARGETED_DEVICE_FAMILY = "1,2";
			};
			name = Release;
		};
		3353B5A424578A350066B8D5 /* Debug */ = {
			isa = XCBuildConfiguration;
			buildSettings = {
				CODE_SIGN_STYLE = Automatic;
				DEVELOPMENT_TEAM = 9J75238463;
				INFOPLIST_FILE = MangaDexLibTests/Info.plist;
				LD_RUNPATH_SEARCH_PATHS = (
					"$(inherited)",
					"@executable_path/Frameworks",
					"@loader_path/Frameworks",
				);
				PRODUCT_BUNDLE_IDENTIFIER = com.JustKodding.MangaDexLibTests;
				PRODUCT_NAME = "$(TARGET_NAME)";
				SWIFT_VERSION = 5.0;
				TARGETED_DEVICE_FAMILY = "1,2";
			};
			name = Debug;
		};
		3353B5A524578A350066B8D5 /* Release */ = {
			isa = XCBuildConfiguration;
			buildSettings = {
				CODE_SIGN_STYLE = Automatic;
				DEVELOPMENT_TEAM = 9J75238463;
				INFOPLIST_FILE = MangaDexLibTests/Info.plist;
				LD_RUNPATH_SEARCH_PATHS = (
					"$(inherited)",
					"@executable_path/Frameworks",
					"@loader_path/Frameworks",
				);
				PRODUCT_BUNDLE_IDENTIFIER = com.JustKodding.MangaDexLibTests;
				PRODUCT_NAME = "$(TARGET_NAME)";
				SWIFT_VERSION = 5.0;
				TARGETED_DEVICE_FAMILY = "1,2";
			};
			name = Release;
		};
/* End XCBuildConfiguration section */

/* Begin XCConfigurationList section */
		3353B573245789BE0066B8D5 /* Build configuration list for PBXProject "MangaDexLib" */ = {
			isa = XCConfigurationList;
			buildConfigurations = (
				3353B57F245789BE0066B8D5 /* Debug */,
				3353B580245789BE0066B8D5 /* Release */,
			);
			defaultConfigurationIsVisible = 0;
			defaultConfigurationName = Release;
		};
		3353B581245789BE0066B8D5 /* Build configuration list for PBXNativeTarget "MangaDexLib" */ = {
			isa = XCConfigurationList;
			buildConfigurations = (
				3353B582245789BE0066B8D5 /* Debug */,
				3353B583245789BE0066B8D5 /* Release */,
			);
			defaultConfigurationIsVisible = 0;
			defaultConfigurationName = Release;
		};
		3353B5A324578A350066B8D5 /* Build configuration list for PBXNativeTarget "MangaDexLibTests" */ = {
			isa = XCConfigurationList;
			buildConfigurations = (
				3353B5A424578A350066B8D5 /* Debug */,
				3353B5A524578A350066B8D5 /* Release */,
			);
			defaultConfigurationIsVisible = 0;
			defaultConfigurationName = Release;
		};
/* End XCConfigurationList section */
	};
	rootObject = 3353B570245789BE0066B8D5 /* Project object */;
}
