// !$*UTF8*$!
{
	archiveVersion = 1;
	classes = {
	};
	objectVersion = 50;
	objects = {

/* Begin PBXBuildFile section */
		3317F992264D5736005E7380 /* MDApi+CustomList.swift in Sources */ = {isa = PBXBuildFile; fileRef = 3317F991264D5736005E7380 /* MDApi+CustomList.swift */; };
		3317F993264D5736005E7380 /* MDApi+CustomList.swift in Sources */ = {isa = PBXBuildFile; fileRef = 3317F991264D5736005E7380 /* MDApi+CustomList.swift */; };
		3317F998264D5796005E7380 /* MDCustomList.swift in Sources */ = {isa = PBXBuildFile; fileRef = 3317F997264D5796005E7380 /* MDCustomList.swift */; };
		3317F999264D5796005E7380 /* MDCustomList.swift in Sources */ = {isa = PBXBuildFile; fileRef = 3317F997264D5796005E7380 /* MDCustomList.swift */; };
		3317F9A9264D5B7D005E7380 /* MDLibApiTests+CustomList.swift in Sources */ = {isa = PBXBuildFile; fileRef = 3317F99D264D5B45005E7380 /* MDLibApiTests+CustomList.swift */; };
		3317F9AE264D5E89005E7380 /* MDApi+User.swift in Sources */ = {isa = PBXBuildFile; fileRef = 3317F9AD264D5E89005E7380 /* MDApi+User.swift */; };
		3317F9AF264D5E89005E7380 /* MDApi+User.swift in Sources */ = {isa = PBXBuildFile; fileRef = 3317F9AD264D5E89005E7380 /* MDApi+User.swift */; };
		3317F9B9264D612D005E7380 /* MDLibApiTests+User.swift in Sources */ = {isa = PBXBuildFile; fileRef = 3317F9B3264D60D8005E7380 /* MDLibApiTests+User.swift */; };
		3317F9C4264D66CB005E7380 /* MDAtHomeReport.swift in Sources */ = {isa = PBXBuildFile; fileRef = 3317F9C3264D66CB005E7380 /* MDAtHomeReport.swift */; };
		3317F9C5264D66CB005E7380 /* MDAtHomeReport.swift in Sources */ = {isa = PBXBuildFile; fileRef = 3317F9C3264D66CB005E7380 /* MDAtHomeReport.swift */; };
		3317F9CA264D6A0C005E7380 /* MDMapping.swift in Sources */ = {isa = PBXBuildFile; fileRef = 3317F9C9264D6A0C005E7380 /* MDMapping.swift */; };
		3317F9CB264D6A0C005E7380 /* MDMapping.swift in Sources */ = {isa = PBXBuildFile; fileRef = 3317F9C9264D6A0C005E7380 /* MDMapping.swift */; };
		3317F9D3264D77A5005E7380 /* MDApi+Account.swift in Sources */ = {isa = PBXBuildFile; fileRef = 3317F9D2264D77A5005E7380 /* MDApi+Account.swift */; };
		3317F9D4264D77A5005E7380 /* MDApi+Account.swift in Sources */ = {isa = PBXBuildFile; fileRef = 3317F9D2264D77A5005E7380 /* MDApi+Account.swift */; };
		3317F9D9264D785D005E7380 /* MDAccountInfo.swift in Sources */ = {isa = PBXBuildFile; fileRef = 3317F9D8264D785D005E7380 /* MDAccountInfo.swift */; };
		3317F9DA264D785D005E7380 /* MDAccountInfo.swift in Sources */ = {isa = PBXBuildFile; fileRef = 3317F9D8264D785D005E7380 /* MDAccountInfo.swift */; };
		3322BD63245D99130086FA81 /* MDManga.swift in Sources */ = {isa = PBXBuildFile; fileRef = 3322BD3F245D99120086FA81 /* MDManga.swift */; };
		3322BD65245D99130086FA81 /* MDChapter.swift in Sources */ = {isa = PBXBuildFile; fileRef = 3322BD41245D99120086FA81 /* MDChapter.swift */; };
		3322BD67245D99130086FA81 /* MDGroup.swift in Sources */ = {isa = PBXBuildFile; fileRef = 3322BD43245D99120086FA81 /* MDGroup.swift */; };
		3322BD68245D99130086FA81 /* MDUser.swift in Sources */ = {isa = PBXBuildFile; fileRef = 3322BD44245D99120086FA81 /* MDUser.swift */; };
		3322BD69245D99130086FA81 /* MDExternalLink.swift in Sources */ = {isa = PBXBuildFile; fileRef = 3322BD45245D99120086FA81 /* MDExternalLink.swift */; };
		3322BD6F245D99130086FA81 /* MDRequestHandler.swift in Sources */ = {isa = PBXBuildFile; fileRef = 3322BD4D245D99120086FA81 /* MDRequestHandler.swift */; };
		3322BD70245D99130086FA81 /* MDConstants.swift in Sources */ = {isa = PBXBuildFile; fileRef = 3322BD4E245D99120086FA81 /* MDConstants.swift */; };
		3322BD71245D99130086FA81 /* MDApiError.swift in Sources */ = {isa = PBXBuildFile; fileRef = 3322BD50245D99120086FA81 /* MDApiError.swift */; };
		3322BD72245D99130086FA81 /* MDApi.swift in Sources */ = {isa = PBXBuildFile; fileRef = 3322BD51245D99120086FA81 /* MDApi.swift */; };
		3322BD73245D99130086FA81 /* MDPath.swift in Sources */ = {isa = PBXBuildFile; fileRef = 3322BD52245D99120086FA81 /* MDPath.swift */; };
		3322BD74245D99130086FA81 /* MDPath+Constants.swift in Sources */ = {isa = PBXBuildFile; fileRef = 3322BD53245D99120086FA81 /* MDPath+Constants.swift */; };
		3322BD90245D99900086FA81 /* MDLibRequestHandlerTests.swift in Sources */ = {isa = PBXBuildFile; fileRef = 3322BD87245D99900086FA81 /* MDLibRequestHandlerTests.swift */; };
		3322BD94245D99900086FA81 /* MDLibApiTests.swift in Sources */ = {isa = PBXBuildFile; fileRef = 3322BD8B245D99900086FA81 /* MDLibApiTests.swift */; };
		33248542266B710600561361 /* MDPath+Cover.swift in Sources */ = {isa = PBXBuildFile; fileRef = 33248541266B710600561361 /* MDPath+Cover.swift */; };
		33248543266B710600561361 /* MDPath+Cover.swift in Sources */ = {isa = PBXBuildFile; fileRef = 33248541266B710600561361 /* MDPath+Cover.swift */; };
		3324854B266B725F00561361 /* MDCover.swift in Sources */ = {isa = PBXBuildFile; fileRef = 3324854A266B725F00561361 /* MDCover.swift */; };
		3324854C266B725F00561361 /* MDCover.swift in Sources */ = {isa = PBXBuildFile; fileRef = 3324854A266B725F00561361 /* MDCover.swift */; };
		33248551266B76C100561361 /* MDApi+Cover.swift in Sources */ = {isa = PBXBuildFile; fileRef = 33248550266B76C100561361 /* MDApi+Cover.swift */; };
		33248552266B76C100561361 /* MDApi+Cover.swift in Sources */ = {isa = PBXBuildFile; fileRef = 33248550266B76C100561361 /* MDApi+Cover.swift */; };
		33248562266B793800561361 /* MDLibApiTests+Cover.swift in Sources */ = {isa = PBXBuildFile; fileRef = 33248556266B78ED00561361 /* MDLibApiTests+Cover.swift */; };
		33407B90245DFE3A009B1F16 /* MDPath+Manga.swift in Sources */ = {isa = PBXBuildFile; fileRef = 33407B8F245DFE3A009B1F16 /* MDPath+Manga.swift */; };
		334DE5E126445A4C006D38E3 /* MDParser.swift in Sources */ = {isa = PBXBuildFile; fileRef = 334DE5E026445A4C006D38E3 /* MDParser.swift */; };
		334DE5E226445A4C006D38E3 /* MDParser.swift in Sources */ = {isa = PBXBuildFile; fileRef = 334DE5E026445A4C006D38E3 /* MDParser.swift */; };
		334DE5F02644636D006D38E3 /* MDPath+Chapter.swift in Sources */ = {isa = PBXBuildFile; fileRef = 334DE5EF2644636D006D38E3 /* MDPath+Chapter.swift */; };
		334DE5F12644636D006D38E3 /* MDPath+Chapter.swift in Sources */ = {isa = PBXBuildFile; fileRef = 334DE5EF2644636D006D38E3 /* MDPath+Chapter.swift */; };
		334DE5F626446405006D38E3 /* MDPath+User.swift in Sources */ = {isa = PBXBuildFile; fileRef = 334DE5F526446405006D38E3 /* MDPath+User.swift */; };
		334DE5F726446405006D38E3 /* MDPath+User.swift in Sources */ = {isa = PBXBuildFile; fileRef = 334DE5F526446405006D38E3 /* MDPath+User.swift */; };
		334DE5FC264467B7006D38E3 /* MDPath+Author.swift in Sources */ = {isa = PBXBuildFile; fileRef = 334DE5FB264467B7006D38E3 /* MDPath+Author.swift */; };
		334DE5FD264467B7006D38E3 /* MDPath+Author.swift in Sources */ = {isa = PBXBuildFile; fileRef = 334DE5FB264467B7006D38E3 /* MDPath+Author.swift */; };
		334DE602264468DC006D38E3 /* MDPath+Group.swift in Sources */ = {isa = PBXBuildFile; fileRef = 334DE601264468DC006D38E3 /* MDPath+Group.swift */; };
		334DE603264468DC006D38E3 /* MDPath+Group.swift in Sources */ = {isa = PBXBuildFile; fileRef = 334DE601264468DC006D38E3 /* MDPath+Group.swift */; };
		334DE60826446947006D38E3 /* MDPath+Auth.swift in Sources */ = {isa = PBXBuildFile; fileRef = 334DE60726446947006D38E3 /* MDPath+Auth.swift */; };
		334DE60926446947006D38E3 /* MDPath+Auth.swift in Sources */ = {isa = PBXBuildFile; fileRef = 334DE60726446947006D38E3 /* MDPath+Auth.swift */; };
		334DE61426446D9B006D38E3 /* MDPath+CustomList.swift in Sources */ = {isa = PBXBuildFile; fileRef = 334DE61326446D9B006D38E3 /* MDPath+CustomList.swift */; };
		334DE61526446D9B006D38E3 /* MDPath+CustomList.swift in Sources */ = {isa = PBXBuildFile; fileRef = 334DE61326446D9B006D38E3 /* MDPath+CustomList.swift */; };
		334DE62026447B95006D38E3 /* MDPath+Infra.swift in Sources */ = {isa = PBXBuildFile; fileRef = 334DE61F26447B95006D38E3 /* MDPath+Infra.swift */; };
		334DE62126447B95006D38E3 /* MDPath+Infra.swift in Sources */ = {isa = PBXBuildFile; fileRef = 334DE61F26447B95006D38E3 /* MDPath+Infra.swift */; };
		334DE6292644857A006D38E3 /* MDPath+Account.swift in Sources */ = {isa = PBXBuildFile; fileRef = 334DE6282644857A006D38E3 /* MDPath+Account.swift */; };
		334DE62A2644857A006D38E3 /* MDPath+Account.swift in Sources */ = {isa = PBXBuildFile; fileRef = 334DE6282644857A006D38E3 /* MDPath+Account.swift */; };
		3353B5A024578A350066B8D5 /* MangaDexLib.framework in Frameworks */ = {isa = PBXBuildFile; fileRef = 3353B579245789BE0066B8D5 /* MangaDexLib.framework */; };
		335984FD2691B75700005A0F /* MDReportReason.swift in Sources */ = {isa = PBXBuildFile; fileRef = 335984FC2691B75700005A0F /* MDReportReason.swift */; };
		335984FE2691B75700005A0F /* MDReportReason.swift in Sources */ = {isa = PBXBuildFile; fileRef = 335984FC2691B75700005A0F /* MDReportReason.swift */; };
		335985032691B81B00005A0F /* MDReport.swift in Sources */ = {isa = PBXBuildFile; fileRef = 335985022691B81B00005A0F /* MDReport.swift */; };
		335985042691B81B00005A0F /* MDReport.swift in Sources */ = {isa = PBXBuildFile; fileRef = 335985022691B81B00005A0F /* MDReport.swift */; };
		335985092691BB8900005A0F /* MDObjectList.swift in Sources */ = {isa = PBXBuildFile; fileRef = 335985082691BB8900005A0F /* MDObjectList.swift */; };
		3359850A2691BB8900005A0F /* MDObjectList.swift in Sources */ = {isa = PBXBuildFile; fileRef = 335985082691BB8900005A0F /* MDObjectList.swift */; };
		335B922D264C2BD000AA5CF6 /* MDApi+Group.swift in Sources */ = {isa = PBXBuildFile; fileRef = 335B922C264C2BD000AA5CF6 /* MDApi+Group.swift */; };
		335B922E264C2BD000AA5CF6 /* MDApi+Group.swift in Sources */ = {isa = PBXBuildFile; fileRef = 335B922C264C2BD000AA5CF6 /* MDApi+Group.swift */; };
		335F9CC9245E003E00EE9A52 /* MDConstants.swift in Sources */ = {isa = PBXBuildFile; fileRef = 3322BD4E245D99120086FA81 /* MDConstants.swift */; };
		335F9CCA245E003E00EE9A52 /* MDApi.swift in Sources */ = {isa = PBXBuildFile; fileRef = 3322BD51245D99120086FA81 /* MDApi.swift */; };
		335F9CCF245E003E00EE9A52 /* MDApiError.swift in Sources */ = {isa = PBXBuildFile; fileRef = 3322BD50245D99120086FA81 /* MDApiError.swift */; };
		335F9CD0245E003E00EE9A52 /* MDPath.swift in Sources */ = {isa = PBXBuildFile; fileRef = 3322BD52245D99120086FA81 /* MDPath.swift */; };
		335F9CD1245E003E00EE9A52 /* MDPath+Constants.swift in Sources */ = {isa = PBXBuildFile; fileRef = 3322BD53245D99120086FA81 /* MDPath+Constants.swift */; };
		335F9CD4245E003E00EE9A52 /* MDPath+Manga.swift in Sources */ = {isa = PBXBuildFile; fileRef = 33407B8F245DFE3A009B1F16 /* MDPath+Manga.swift */; };
		335F9CD6245E003E00EE9A52 /* MDChapter.swift in Sources */ = {isa = PBXBuildFile; fileRef = 3322BD41245D99120086FA81 /* MDChapter.swift */; };
		335F9CD7245E003E00EE9A52 /* MDManga.swift in Sources */ = {isa = PBXBuildFile; fileRef = 3322BD3F245D99120086FA81 /* MDManga.swift */; };
		335F9CDA245E003E00EE9A52 /* MDGroup.swift in Sources */ = {isa = PBXBuildFile; fileRef = 3322BD43245D99120086FA81 /* MDGroup.swift */; };
		335F9CDB245E003E00EE9A52 /* MDExternalLink.swift in Sources */ = {isa = PBXBuildFile; fileRef = 3322BD45245D99120086FA81 /* MDExternalLink.swift */; };
		335F9CDC245E003E00EE9A52 /* MDUser.swift in Sources */ = {isa = PBXBuildFile; fileRef = 3322BD44245D99120086FA81 /* MDUser.swift */; };
		335F9CE8245E003E00EE9A52 /* MDRequestHandler.swift in Sources */ = {isa = PBXBuildFile; fileRef = 3322BD4D245D99120086FA81 /* MDRequestHandler.swift */; };
		3374744226468328002114C9 /* MDApi+Auth.swift in Sources */ = {isa = PBXBuildFile; fileRef = 3374744126468328002114C9 /* MDApi+Auth.swift */; };
		3374744326468328002114C9 /* MDApi+Auth.swift in Sources */ = {isa = PBXBuildFile; fileRef = 3374744126468328002114C9 /* MDApi+Auth.swift */; };
		3374744826468395002114C9 /* MDAuthCredentials.swift in Sources */ = {isa = PBXBuildFile; fileRef = 3374744726468395002114C9 /* MDAuthCredentials.swift */; };
		3374744926468395002114C9 /* MDAuthCredentials.swift in Sources */ = {isa = PBXBuildFile; fileRef = 3374744726468395002114C9 /* MDAuthCredentials.swift */; };
		3374745126468DB4002114C9 /* MDToken.swift in Sources */ = {isa = PBXBuildFile; fileRef = 3374745026468DB4002114C9 /* MDToken.swift */; };
		3374745226468DB4002114C9 /* MDToken.swift in Sources */ = {isa = PBXBuildFile; fileRef = 3374745026468DB4002114C9 /* MDToken.swift */; };
		337474572646904B002114C9 /* MDResultList.swift in Sources */ = {isa = PBXBuildFile; fileRef = 337474562646904B002114C9 /* MDResultList.swift */; };
		337474582646904B002114C9 /* MDResultList.swift in Sources */ = {isa = PBXBuildFile; fileRef = 337474562646904B002114C9 /* MDResultList.swift */; };
		337474692646A400002114C9 /* WebKit.framework in Frameworks */ = {isa = PBXBuildFile; fileRef = 337474682646A400002114C9 /* WebKit.framework */; };
		337474712646A94A002114C9 /* MDApi+Infra.swift in Sources */ = {isa = PBXBuildFile; fileRef = 337474702646A94A002114C9 /* MDApi+Infra.swift */; };
		337474722646A94A002114C9 /* MDApi+Infra.swift in Sources */ = {isa = PBXBuildFile; fileRef = 337474702646A94A002114C9 /* MDApi+Infra.swift */; };
		33827104265A5BAE00AB587B /* MDMangaFilter.swift in Sources */ = {isa = PBXBuildFile; fileRef = 33827103265A5BAE00AB587B /* MDMangaFilter.swift */; };
		33827105265A5BAE00AB587B /* MDMangaFilter.swift in Sources */ = {isa = PBXBuildFile; fileRef = 33827103265A5BAE00AB587B /* MDMangaFilter.swift */; };
		3382710A265A5BC900AB587B /* MDChapterFilter.swift in Sources */ = {isa = PBXBuildFile; fileRef = 33827109265A5BC900AB587B /* MDChapterFilter.swift */; };
		3382710B265A5BC900AB587B /* MDChapterFilter.swift in Sources */ = {isa = PBXBuildFile; fileRef = 33827109265A5BC900AB587B /* MDChapterFilter.swift */; };
		33827110265A5BE900AB587B /* MDGroupFilter.swift in Sources */ = {isa = PBXBuildFile; fileRef = 3382710F265A5BE900AB587B /* MDGroupFilter.swift */; };
		33827111265A5BE900AB587B /* MDGroupFilter.swift in Sources */ = {isa = PBXBuildFile; fileRef = 3382710F265A5BE900AB587B /* MDGroupFilter.swift */; };
		33827116265A5BF900AB587B /* MDAuthorFilter.swift in Sources */ = {isa = PBXBuildFile; fileRef = 33827115265A5BF900AB587B /* MDAuthorFilter.swift */; };
		33827117265A5BF900AB587B /* MDAuthorFilter.swift in Sources */ = {isa = PBXBuildFile; fileRef = 33827115265A5BF900AB587B /* MDAuthorFilter.swift */; };
		3382711C265A5C0A00AB587B /* MDFeedFilter.swift in Sources */ = {isa = PBXBuildFile; fileRef = 3382711B265A5C0A00AB587B /* MDFeedFilter.swift */; };
		3382711D265A5C0A00AB587B /* MDFeedFilter.swift in Sources */ = {isa = PBXBuildFile; fileRef = 3382711B265A5C0A00AB587B /* MDFeedFilter.swift */; };
		33827122265A616100AB587B /* MDCoverFilter.swift in Sources */ = {isa = PBXBuildFile; fileRef = 33827121265A616100AB587B /* MDCoverFilter.swift */; };
		33827123265A616100AB587B /* MDCoverFilter.swift in Sources */ = {isa = PBXBuildFile; fileRef = 33827121265A616100AB587B /* MDCoverFilter.swift */; };
		33827128265A67E800AB587B /* MDAggregate.swift in Sources */ = {isa = PBXBuildFile; fileRef = 33827127265A67E800AB587B /* MDAggregate.swift */; };
		33827129265A67E800AB587B /* MDAggregate.swift in Sources */ = {isa = PBXBuildFile; fileRef = 33827127265A67E800AB587B /* MDAggregate.swift */; };
		3388B2BE264992CD00ED77B5 /* MDApi+Chapter.swift in Sources */ = {isa = PBXBuildFile; fileRef = 3388B2BD264992CD00ED77B5 /* MDApi+Chapter.swift */; };
		3388B2BF264992CD00ED77B5 /* MDApi+Chapter.swift in Sources */ = {isa = PBXBuildFile; fileRef = 3388B2BD264992CD00ED77B5 /* MDApi+Chapter.swift */; };
		3388B2CA2649A18D00ED77B5 /* MDAtHomeNode.swift in Sources */ = {isa = PBXBuildFile; fileRef = 3388B2C92649A18D00ED77B5 /* MDAtHomeNode.swift */; };
		3388B2CB2649A18D00ED77B5 /* MDAtHomeNode.swift in Sources */ = {isa = PBXBuildFile; fileRef = 3388B2C92649A18D00ED77B5 /* MDAtHomeNode.swift */; };
		3388B2DF2649A91D00ED77B5 /* MDPaginationFilter.swift in Sources */ = {isa = PBXBuildFile; fileRef = 3388B2DE2649A91D00ED77B5 /* MDPaginationFilter.swift */; };
		3388B2E02649A91D00ED77B5 /* MDPaginationFilter.swift in Sources */ = {isa = PBXBuildFile; fileRef = 3388B2DE2649A91D00ED77B5 /* MDPaginationFilter.swift */; };
		338E129C2647D48200C89F08 /* MDApi+Manga.swift in Sources */ = {isa = PBXBuildFile; fileRef = 338E129B2647D48200C89F08 /* MDApi+Manga.swift */; };
		338E129D2647D48200C89F08 /* MDApi+Manga.swift in Sources */ = {isa = PBXBuildFile; fileRef = 338E129B2647D48200C89F08 /* MDApi+Manga.swift */; };
		338E12A52647DAFE00C89F08 /* MDAuthInfo.swift in Sources */ = {isa = PBXBuildFile; fileRef = 338E12A42647DAFE00C89F08 /* MDAuthInfo.swift */; };
		338E12A62647DAFE00C89F08 /* MDAuthInfo.swift in Sources */ = {isa = PBXBuildFile; fileRef = 338E12A42647DAFE00C89F08 /* MDAuthInfo.swift */; };
		338E12AE2647DCD200C89F08 /* MDObject.swift in Sources */ = {isa = PBXBuildFile; fileRef = 338E12AD2647DCD200C89F08 /* MDObject.swift */; };
		338E12AF2647DCD200C89F08 /* MDObject.swift in Sources */ = {isa = PBXBuildFile; fileRef = 338E12AD2647DCD200C89F08 /* MDObject.swift */; };
		33901B17264D327A00A12755 /* MDLibApiTests+Manga.swift in Sources */ = {isa = PBXBuildFile; fileRef = 33901B16264D327A00A12755 /* MDLibApiTests+Manga.swift */; };
		33901B1C264D32D000A12755 /* MDLibApiTests+Chapter.swift in Sources */ = {isa = PBXBuildFile; fileRef = 33901B1B264D32D000A12755 /* MDLibApiTests+Chapter.swift */; };
		33901B21264D330300A12755 /* MDLibApiTests+Group.swift in Sources */ = {isa = PBXBuildFile; fileRef = 33901B20264D330300A12755 /* MDLibApiTests+Group.swift */; };
		33901B26264D333800A12755 /* MDLibApiTests+Auth.swift in Sources */ = {isa = PBXBuildFile; fileRef = 33901B25264D333800A12755 /* MDLibApiTests+Auth.swift */; };
		33901B37264D338600A12755 /* MDLibApiTests+Infra.swift in Sources */ = {isa = PBXBuildFile; fileRef = 33901B36264D338600A12755 /* MDLibApiTests+Infra.swift */; };
		33901B43264D350900A12755 /* MDApi+Author.swift in Sources */ = {isa = PBXBuildFile; fileRef = 33901B3B264D344D00A12755 /* MDApi+Author.swift */; };
		33901B47264D351100A12755 /* MDApi+Author.swift in Sources */ = {isa = PBXBuildFile; fileRef = 33901B3B264D344D00A12755 /* MDApi+Author.swift */; };
		33901B4C264D35AC00A12755 /* MDLibApiTests+Author.swift in Sources */ = {isa = PBXBuildFile; fileRef = 33901B4B264D35AC00A12755 /* MDLibApiTests+Author.swift */; };
		339A33F826455162008535DA /* MDLocalizedString.swift in Sources */ = {isa = PBXBuildFile; fileRef = 339A33F726455162008535DA /* MDLocalizedString.swift */; };
		339A33F926455162008535DA /* MDLocalizedString.swift in Sources */ = {isa = PBXBuildFile; fileRef = 339A33F726455162008535DA /* MDLocalizedString.swift */; };
		339A33FE26455817008535DA /* MDTag.swift in Sources */ = {isa = PBXBuildFile; fileRef = 339A33FD26455817008535DA /* MDTag.swift */; };
		339A33FF26455817008535DA /* MDTag.swift in Sources */ = {isa = PBXBuildFile; fileRef = 339A33FD26455817008535DA /* MDTag.swift */; };
		339A340426455D92008535DA /* MDRelationship.swift in Sources */ = {isa = PBXBuildFile; fileRef = 339A340326455D92008535DA /* MDRelationship.swift */; };
		339A340526455D92008535DA /* MDRelationship.swift in Sources */ = {isa = PBXBuildFile; fileRef = 339A340326455D92008535DA /* MDRelationship.swift */; };
		339A340D2645606D008535DA /* MDResult.swift in Sources */ = {isa = PBXBuildFile; fileRef = 339A340C2645606D008535DA /* MDResult.swift */; };
		339A340E2645606D008535DA /* MDResult.swift in Sources */ = {isa = PBXBuildFile; fileRef = 339A340C2645606D008535DA /* MDResult.swift */; };
		339A3419264560C3008535DA /* MDError.swift in Sources */ = {isa = PBXBuildFile; fileRef = 339A3418264560C3008535DA /* MDError.swift */; };
		339A341A264560C3008535DA /* MDError.swift in Sources */ = {isa = PBXBuildFile; fileRef = 339A3418264560C3008535DA /* MDError.swift */; };
		339A342B26459865008535DA /* MDAuthor.swift in Sources */ = {isa = PBXBuildFile; fileRef = 339A342A26459865008535DA /* MDAuthor.swift */; };
		339A342C26459865008535DA /* MDAuthor.swift in Sources */ = {isa = PBXBuildFile; fileRef = 339A342A26459865008535DA /* MDAuthor.swift */; };
		339A34582645A70C008535DA /* WebKit.framework in Frameworks */ = {isa = PBXBuildFile; fileRef = 339A34572645A70C008535DA /* WebKit.framework */; };
		339A345D2645A8DA008535DA /* MDResponse.swift in Sources */ = {isa = PBXBuildFile; fileRef = 339A345C2645A8DA008535DA /* MDResponse.swift */; };
		339A345E2645A8DA008535DA /* MDResponse.swift in Sources */ = {isa = PBXBuildFile; fileRef = 339A345C2645A8DA008535DA /* MDResponse.swift */; };
		33A6D59E26485868007AB5B4 /* MDReadMarkers.swift in Sources */ = {isa = PBXBuildFile; fileRef = 33A6D59D26485868007AB5B4 /* MDReadMarkers.swift */; };
		33A6D59F26485868007AB5B4 /* MDReadMarkers.swift in Sources */ = {isa = PBXBuildFile; fileRef = 33A6D59D26485868007AB5B4 /* MDReadMarkers.swift */; };
		33A6D5A426485A68007AB5B4 /* MDReadingStatuses.swift in Sources */ = {isa = PBXBuildFile; fileRef = 33A6D5A326485A68007AB5B4 /* MDReadingStatuses.swift */; };
		33A6D5A526485A68007AB5B4 /* MDReadingStatuses.swift in Sources */ = {isa = PBXBuildFile; fileRef = 33A6D5A326485A68007AB5B4 /* MDReadingStatuses.swift */; };
		33FB8F9526726F7500D48312 /* MDUserFilter.swift in Sources */ = {isa = PBXBuildFile; fileRef = 33FB8F9426726F7500D48312 /* MDUserFilter.swift */; };
		33FB8F9626726F7500D48312 /* MDUserFilter.swift in Sources */ = {isa = PBXBuildFile; fileRef = 33FB8F9426726F7500D48312 /* MDUserFilter.swift */; };
		FEE09C0A26BEE8E4005EF15D /* Secret.bundle in Resources */ = {isa = PBXBuildFile; fileRef = FEE09C0926BEE8E4005EF15D /* Secret.bundle */; };
/* End PBXBuildFile section */

/* Begin PBXContainerItemProxy section */
		3353B5A124578A350066B8D5 /* PBXContainerItemProxy */ = {
			isa = PBXContainerItemProxy;
			containerPortal = 3353B570245789BE0066B8D5 /* Project object */;
			proxyType = 1;
			remoteGlobalIDString = 3353B578245789BE0066B8D5;
			remoteInfo = MangaDexLib;
		};
/* End PBXContainerItemProxy section */

/* Begin PBXFileReference section */
		3317F991264D5736005E7380 /* MDApi+CustomList.swift */ = {isa = PBXFileReference; lastKnownFileType = sourcecode.swift; path = "MDApi+CustomList.swift"; sourceTree = "<group>"; };
		3317F997264D5796005E7380 /* MDCustomList.swift */ = {isa = PBXFileReference; lastKnownFileType = sourcecode.swift; path = MDCustomList.swift; sourceTree = "<group>"; };
		3317F99D264D5B45005E7380 /* MDLibApiTests+CustomList.swift */ = {isa = PBXFileReference; lastKnownFileType = sourcecode.swift; path = "MDLibApiTests+CustomList.swift"; sourceTree = "<group>"; };
		3317F9AD264D5E89005E7380 /* MDApi+User.swift */ = {isa = PBXFileReference; lastKnownFileType = sourcecode.swift; path = "MDApi+User.swift"; sourceTree = "<group>"; };
		3317F9B3264D60D8005E7380 /* MDLibApiTests+User.swift */ = {isa = PBXFileReference; lastKnownFileType = sourcecode.swift; path = "MDLibApiTests+User.swift"; sourceTree = "<group>"; };
		3317F9C3264D66CB005E7380 /* MDAtHomeReport.swift */ = {isa = PBXFileReference; lastKnownFileType = sourcecode.swift; path = MDAtHomeReport.swift; sourceTree = "<group>"; };
		3317F9C9264D6A0C005E7380 /* MDMapping.swift */ = {isa = PBXFileReference; lastKnownFileType = sourcecode.swift; path = MDMapping.swift; sourceTree = "<group>"; };
		3317F9D2264D77A5005E7380 /* MDApi+Account.swift */ = {isa = PBXFileReference; lastKnownFileType = sourcecode.swift; path = "MDApi+Account.swift"; sourceTree = "<group>"; };
		3317F9D8264D785D005E7380 /* MDAccountInfo.swift */ = {isa = PBXFileReference; lastKnownFileType = sourcecode.swift; path = MDAccountInfo.swift; sourceTree = "<group>"; };
		3322BD3F245D99120086FA81 /* MDManga.swift */ = {isa = PBXFileReference; fileEncoding = 4; lastKnownFileType = sourcecode.swift; path = MDManga.swift; sourceTree = "<group>"; };
		3322BD41245D99120086FA81 /* MDChapter.swift */ = {isa = PBXFileReference; fileEncoding = 4; lastKnownFileType = sourcecode.swift; path = MDChapter.swift; sourceTree = "<group>"; };
		3322BD43245D99120086FA81 /* MDGroup.swift */ = {isa = PBXFileReference; fileEncoding = 4; lastKnownFileType = sourcecode.swift; path = MDGroup.swift; sourceTree = "<group>"; };
		3322BD44245D99120086FA81 /* MDUser.swift */ = {isa = PBXFileReference; fileEncoding = 4; lastKnownFileType = sourcecode.swift; path = MDUser.swift; sourceTree = "<group>"; };
		3322BD45245D99120086FA81 /* MDExternalLink.swift */ = {isa = PBXFileReference; fileEncoding = 4; lastKnownFileType = sourcecode.swift; path = MDExternalLink.swift; sourceTree = "<group>"; };
		3322BD4D245D99120086FA81 /* MDRequestHandler.swift */ = {isa = PBXFileReference; fileEncoding = 4; lastKnownFileType = sourcecode.swift; path = MDRequestHandler.swift; sourceTree = "<group>"; };
		3322BD4E245D99120086FA81 /* MDConstants.swift */ = {isa = PBXFileReference; fileEncoding = 4; lastKnownFileType = sourcecode.swift; path = MDConstants.swift; sourceTree = "<group>"; };
		3322BD50245D99120086FA81 /* MDApiError.swift */ = {isa = PBXFileReference; fileEncoding = 4; lastKnownFileType = sourcecode.swift; path = MDApiError.swift; sourceTree = "<group>"; };
		3322BD51245D99120086FA81 /* MDApi.swift */ = {isa = PBXFileReference; fileEncoding = 4; lastKnownFileType = sourcecode.swift; path = MDApi.swift; sourceTree = "<group>"; };
		3322BD52245D99120086FA81 /* MDPath.swift */ = {isa = PBXFileReference; fileEncoding = 4; lastKnownFileType = sourcecode.swift; path = MDPath.swift; sourceTree = "<group>"; };
		3322BD53245D99120086FA81 /* MDPath+Constants.swift */ = {isa = PBXFileReference; fileEncoding = 4; lastKnownFileType = sourcecode.swift; path = "MDPath+Constants.swift"; sourceTree = "<group>"; };
		3322BD84245D99900086FA81 /* LinuxMain.swift */ = {isa = PBXFileReference; fileEncoding = 4; lastKnownFileType = sourcecode.swift; path = LinuxMain.swift; sourceTree = "<group>"; };
		3322BD87245D99900086FA81 /* MDLibRequestHandlerTests.swift */ = {isa = PBXFileReference; fileEncoding = 4; lastKnownFileType = sourcecode.swift; path = MDLibRequestHandlerTests.swift; sourceTree = "<group>"; };
		3322BD88245D99900086FA81 /* XCTestManifests.swift */ = {isa = PBXFileReference; fileEncoding = 4; lastKnownFileType = sourcecode.swift; path = XCTestManifests.swift; sourceTree = "<group>"; };
		3322BD8B245D99900086FA81 /* MDLibApiTests.swift */ = {isa = PBXFileReference; fileEncoding = 4; lastKnownFileType = sourcecode.swift; path = MDLibApiTests.swift; sourceTree = "<group>"; };
		3322BDA8245DA4AC0086FA81 /* MangaDexLib.framework */ = {isa = PBXFileReference; explicitFileType = wrapper.framework; includeInIndex = 0; path = MangaDexLib.framework; sourceTree = BUILT_PRODUCTS_DIR; };
		33248541266B710600561361 /* MDPath+Cover.swift */ = {isa = PBXFileReference; lastKnownFileType = sourcecode.swift; path = "MDPath+Cover.swift"; sourceTree = "<group>"; };
		3324854A266B725F00561361 /* MDCover.swift */ = {isa = PBXFileReference; lastKnownFileType = sourcecode.swift; path = MDCover.swift; sourceTree = "<group>"; };
		33248550266B76C100561361 /* MDApi+Cover.swift */ = {isa = PBXFileReference; lastKnownFileType = sourcecode.swift; path = "MDApi+Cover.swift"; sourceTree = "<group>"; };
		33248556266B78ED00561361 /* MDLibApiTests+Cover.swift */ = {isa = PBXFileReference; lastKnownFileType = sourcecode.swift; path = "MDLibApiTests+Cover.swift"; sourceTree = "<group>"; };
		33407B8F245DFE3A009B1F16 /* MDPath+Manga.swift */ = {isa = PBXFileReference; lastKnownFileType = sourcecode.swift; path = "MDPath+Manga.swift"; sourceTree = "<group>"; };
		334DE5E026445A4C006D38E3 /* MDParser.swift */ = {isa = PBXFileReference; fileEncoding = 4; lastKnownFileType = sourcecode.swift; path = MDParser.swift; sourceTree = "<group>"; };
		334DE5EF2644636D006D38E3 /* MDPath+Chapter.swift */ = {isa = PBXFileReference; lastKnownFileType = sourcecode.swift; path = "MDPath+Chapter.swift"; sourceTree = "<group>"; };
		334DE5F526446405006D38E3 /* MDPath+User.swift */ = {isa = PBXFileReference; lastKnownFileType = sourcecode.swift; path = "MDPath+User.swift"; sourceTree = "<group>"; };
		334DE5FB264467B7006D38E3 /* MDPath+Author.swift */ = {isa = PBXFileReference; lastKnownFileType = sourcecode.swift; path = "MDPath+Author.swift"; sourceTree = "<group>"; };
		334DE601264468DC006D38E3 /* MDPath+Group.swift */ = {isa = PBXFileReference; lastKnownFileType = sourcecode.swift; path = "MDPath+Group.swift"; sourceTree = "<group>"; };
		334DE60726446947006D38E3 /* MDPath+Auth.swift */ = {isa = PBXFileReference; lastKnownFileType = sourcecode.swift; path = "MDPath+Auth.swift"; sourceTree = "<group>"; };
		334DE61326446D9B006D38E3 /* MDPath+CustomList.swift */ = {isa = PBXFileReference; lastKnownFileType = sourcecode.swift; path = "MDPath+CustomList.swift"; sourceTree = "<group>"; };
		334DE61F26447B95006D38E3 /* MDPath+Infra.swift */ = {isa = PBXFileReference; lastKnownFileType = sourcecode.swift; path = "MDPath+Infra.swift"; sourceTree = "<group>"; };
		334DE6282644857A006D38E3 /* MDPath+Account.swift */ = {isa = PBXFileReference; lastKnownFileType = sourcecode.swift; path = "MDPath+Account.swift"; sourceTree = "<group>"; };
		3353B579245789BE0066B8D5 /* MangaDexLib.framework */ = {isa = PBXFileReference; explicitFileType = wrapper.framework; includeInIndex = 0; path = MangaDexLib.framework; sourceTree = BUILT_PRODUCTS_DIR; };
		3353B59B24578A350066B8D5 /* MangaDexLibTests.xctest */ = {isa = PBXFileReference; explicitFileType = wrapper.cfbundle; includeInIndex = 0; path = MangaDexLibTests.xctest; sourceTree = BUILT_PRODUCTS_DIR; };
		3353B5B8245795620066B8D5 /* WebKit.framework */ = {isa = PBXFileReference; lastKnownFileType = wrapper.framework; name = WebKit.framework; path = Platforms/MacOSX.platform/Developer/SDKs/MacOSX10.15.sdk/System/Library/Frameworks/WebKit.framework; sourceTree = DEVELOPER_DIR; };
		335984FC2691B75700005A0F /* MDReportReason.swift */ = {isa = PBXFileReference; lastKnownFileType = sourcecode.swift; path = MDReportReason.swift; sourceTree = "<group>"; };
		335985022691B81B00005A0F /* MDReport.swift */ = {isa = PBXFileReference; lastKnownFileType = sourcecode.swift; path = MDReport.swift; sourceTree = "<group>"; };
		335985082691BB8900005A0F /* MDObjectList.swift */ = {isa = PBXFileReference; lastKnownFileType = sourcecode.swift; path = MDObjectList.swift; sourceTree = "<group>"; };
		335B922C264C2BD000AA5CF6 /* MDApi+Group.swift */ = {isa = PBXFileReference; lastKnownFileType = sourcecode.swift; path = "MDApi+Group.swift"; sourceTree = "<group>"; };
		3374744126468328002114C9 /* MDApi+Auth.swift */ = {isa = PBXFileReference; lastKnownFileType = sourcecode.swift; path = "MDApi+Auth.swift"; sourceTree = "<group>"; };
		3374744726468395002114C9 /* MDAuthCredentials.swift */ = {isa = PBXFileReference; lastKnownFileType = sourcecode.swift; path = MDAuthCredentials.swift; sourceTree = "<group>"; };
		3374745026468DB4002114C9 /* MDToken.swift */ = {isa = PBXFileReference; lastKnownFileType = sourcecode.swift; path = MDToken.swift; sourceTree = "<group>"; };
		337474562646904B002114C9 /* MDResultList.swift */ = {isa = PBXFileReference; lastKnownFileType = sourcecode.swift; path = MDResultList.swift; sourceTree = "<group>"; };
		337474682646A400002114C9 /* WebKit.framework */ = {isa = PBXFileReference; lastKnownFileType = wrapper.framework; name = WebKit.framework; path = Platforms/MacOSX.platform/Developer/SDKs/MacOSX11.1.sdk/System/Library/Frameworks/WebKit.framework; sourceTree = DEVELOPER_DIR; };
		337474702646A94A002114C9 /* MDApi+Infra.swift */ = {isa = PBXFileReference; lastKnownFileType = sourcecode.swift; path = "MDApi+Infra.swift"; sourceTree = "<group>"; };
		33827103265A5BAE00AB587B /* MDMangaFilter.swift */ = {isa = PBXFileReference; lastKnownFileType = sourcecode.swift; path = MDMangaFilter.swift; sourceTree = "<group>"; };
		33827109265A5BC900AB587B /* MDChapterFilter.swift */ = {isa = PBXFileReference; lastKnownFileType = sourcecode.swift; path = MDChapterFilter.swift; sourceTree = "<group>"; };
		3382710F265A5BE900AB587B /* MDGroupFilter.swift */ = {isa = PBXFileReference; lastKnownFileType = sourcecode.swift; path = MDGroupFilter.swift; sourceTree = "<group>"; };
		33827115265A5BF900AB587B /* MDAuthorFilter.swift */ = {isa = PBXFileReference; lastKnownFileType = sourcecode.swift; path = MDAuthorFilter.swift; sourceTree = "<group>"; };
		3382711B265A5C0A00AB587B /* MDFeedFilter.swift */ = {isa = PBXFileReference; lastKnownFileType = sourcecode.swift; path = MDFeedFilter.swift; sourceTree = "<group>"; };
		33827121265A616100AB587B /* MDCoverFilter.swift */ = {isa = PBXFileReference; lastKnownFileType = sourcecode.swift; path = MDCoverFilter.swift; sourceTree = "<group>"; };
		33827127265A67E800AB587B /* MDAggregate.swift */ = {isa = PBXFileReference; lastKnownFileType = sourcecode.swift; path = MDAggregate.swift; sourceTree = "<group>"; };
		3388B2BD264992CD00ED77B5 /* MDApi+Chapter.swift */ = {isa = PBXFileReference; lastKnownFileType = sourcecode.swift; path = "MDApi+Chapter.swift"; sourceTree = "<group>"; };
		3388B2C92649A18D00ED77B5 /* MDAtHomeNode.swift */ = {isa = PBXFileReference; lastKnownFileType = sourcecode.swift; path = MDAtHomeNode.swift; sourceTree = "<group>"; };
		3388B2DE2649A91D00ED77B5 /* MDPaginationFilter.swift */ = {isa = PBXFileReference; lastKnownFileType = sourcecode.swift; path = MDPaginationFilter.swift; sourceTree = "<group>"; };
		338E129B2647D48200C89F08 /* MDApi+Manga.swift */ = {isa = PBXFileReference; lastKnownFileType = sourcecode.swift; path = "MDApi+Manga.swift"; sourceTree = "<group>"; };
		338E12A42647DAFE00C89F08 /* MDAuthInfo.swift */ = {isa = PBXFileReference; lastKnownFileType = sourcecode.swift; path = MDAuthInfo.swift; sourceTree = "<group>"; };
		338E12AD2647DCD200C89F08 /* MDObject.swift */ = {isa = PBXFileReference; lastKnownFileType = sourcecode.swift; path = MDObject.swift; sourceTree = "<group>"; };
		33901B16264D327A00A12755 /* MDLibApiTests+Manga.swift */ = {isa = PBXFileReference; lastKnownFileType = sourcecode.swift; path = "MDLibApiTests+Manga.swift"; sourceTree = "<group>"; };
		33901B1B264D32D000A12755 /* MDLibApiTests+Chapter.swift */ = {isa = PBXFileReference; lastKnownFileType = sourcecode.swift; path = "MDLibApiTests+Chapter.swift"; sourceTree = "<group>"; };
		33901B20264D330300A12755 /* MDLibApiTests+Group.swift */ = {isa = PBXFileReference; lastKnownFileType = sourcecode.swift; path = "MDLibApiTests+Group.swift"; sourceTree = "<group>"; };
		33901B25264D333800A12755 /* MDLibApiTests+Auth.swift */ = {isa = PBXFileReference; lastKnownFileType = sourcecode.swift; path = "MDLibApiTests+Auth.swift"; sourceTree = "<group>"; };
		33901B36264D338600A12755 /* MDLibApiTests+Infra.swift */ = {isa = PBXFileReference; lastKnownFileType = sourcecode.swift; path = "MDLibApiTests+Infra.swift"; sourceTree = "<group>"; };
		33901B3B264D344D00A12755 /* MDApi+Author.swift */ = {isa = PBXFileReference; lastKnownFileType = sourcecode.swift; path = "MDApi+Author.swift"; sourceTree = "<group>"; };
		33901B4B264D35AC00A12755 /* MDLibApiTests+Author.swift */ = {isa = PBXFileReference; lastKnownFileType = sourcecode.swift; path = "MDLibApiTests+Author.swift"; sourceTree = "<group>"; };
		339A33F726455162008535DA /* MDLocalizedString.swift */ = {isa = PBXFileReference; lastKnownFileType = sourcecode.swift; path = MDLocalizedString.swift; sourceTree = "<group>"; };
		339A33FD26455817008535DA /* MDTag.swift */ = {isa = PBXFileReference; lastKnownFileType = sourcecode.swift; path = MDTag.swift; sourceTree = "<group>"; };
		339A340326455D92008535DA /* MDRelationship.swift */ = {isa = PBXFileReference; lastKnownFileType = sourcecode.swift; path = MDRelationship.swift; sourceTree = "<group>"; };
		339A340C2645606D008535DA /* MDResult.swift */ = {isa = PBXFileReference; lastKnownFileType = sourcecode.swift; path = MDResult.swift; sourceTree = "<group>"; };
		339A3418264560C3008535DA /* MDError.swift */ = {isa = PBXFileReference; lastKnownFileType = sourcecode.swift; path = MDError.swift; sourceTree = "<group>"; };
		339A342A26459865008535DA /* MDAuthor.swift */ = {isa = PBXFileReference; lastKnownFileType = sourcecode.swift; path = MDAuthor.swift; sourceTree = "<group>"; };
		339A34572645A70C008535DA /* WebKit.framework */ = {isa = PBXFileReference; lastKnownFileType = wrapper.framework; name = WebKit.framework; path = Platforms/MacOSX.platform/Developer/SDKs/MacOSX11.1.sdk/System/iOSSupport/System/Library/Frameworks/WebKit.framework; sourceTree = DEVELOPER_DIR; };
		339A345C2645A8DA008535DA /* MDResponse.swift */ = {isa = PBXFileReference; fileEncoding = 4; lastKnownFileType = sourcecode.swift; path = MDResponse.swift; sourceTree = "<group>"; };
		33A6D59D26485868007AB5B4 /* MDReadMarkers.swift */ = {isa = PBXFileReference; lastKnownFileType = sourcecode.swift; path = MDReadMarkers.swift; sourceTree = "<group>"; };
		33A6D5A326485A68007AB5B4 /* MDReadingStatuses.swift */ = {isa = PBXFileReference; lastKnownFileType = sourcecode.swift; path = MDReadingStatuses.swift; sourceTree = "<group>"; };
		33FB8F9426726F7500D48312 /* MDUserFilter.swift */ = {isa = PBXFileReference; lastKnownFileType = sourcecode.swift; path = MDUserFilter.swift; sourceTree = "<group>"; };
		FEE09C0926BEE8E4005EF15D /* Secret.bundle */ = {isa = PBXFileReference; lastKnownFileType = "wrapper.plug-in"; path = Secret.bundle; sourceTree = "<group>"; };
/* End PBXFileReference section */

/* Begin PBXFrameworksBuildPhase section */
		3322BDA5245DA4AC0086FA81 /* Frameworks */ = {
			isa = PBXFrameworksBuildPhase;
			buildActionMask = 2147483647;
			files = (
				337474692646A400002114C9 /* WebKit.framework in Frameworks */,
			);
			runOnlyForDeploymentPostprocessing = 0;
		};
		3353B576245789BE0066B8D5 /* Frameworks */ = {
			isa = PBXFrameworksBuildPhase;
			buildActionMask = 2147483647;
			files = (
				339A34582645A70C008535DA /* WebKit.framework in Frameworks */,
			);
			runOnlyForDeploymentPostprocessing = 0;
		};
		3353B59824578A350066B8D5 /* Frameworks */ = {
			isa = PBXFrameworksBuildPhase;
			buildActionMask = 2147483647;
			files = (
				3353B5A024578A350066B8D5 /* MangaDexLib.framework in Frameworks */,
			);
			runOnlyForDeploymentPostprocessing = 0;
		};
/* End PBXFrameworksBuildPhase section */

/* Begin PBXGroup section */
		3322BD3D245D99120086FA81 /* Sources */ = {
			isa = PBXGroup;
			children = (
				3322BD4F245D99120086FA81 /* API */,
				33407B97245DFF2D009B1F16 /* Paths */,
				3322BD3E245D99120086FA81 /* Objects */,
				3322BD49245D99120086FA81 /* Requests */,
			);
			path = Sources;
			sourceTree = "<group>";
		};
		3322BD3E245D99120086FA81 /* Objects */ = {
			isa = PBXGroup;
			children = (
				335985082691BB8900005A0F /* MDObjectList.swift */,
				337474562646904B002114C9 /* MDResultList.swift */,
				339A340C2645606D008535DA /* MDResult.swift */,
				338E12AD2647DCD200C89F08 /* MDObject.swift */,
				339A340326455D92008535DA /* MDRelationship.swift */,
				339A3418264560C3008535DA /* MDError.swift */,
				3322BD3F245D99120086FA81 /* MDManga.swift */,
				3322BD41245D99120086FA81 /* MDChapter.swift */,
				3324854A266B725F00561361 /* MDCover.swift */,
				33827127265A67E800AB587B /* MDAggregate.swift */,
				3322BD43245D99120086FA81 /* MDGroup.swift */,
				339A342A26459865008535DA /* MDAuthor.swift */,
				3317F997264D5796005E7380 /* MDCustomList.swift */,
				3322BD44245D99120086FA81 /* MDUser.swift */,
				339A33FD26455817008535DA /* MDTag.swift */,
				3317F9C9264D6A0C005E7380 /* MDMapping.swift */,
				3322BD45245D99120086FA81 /* MDExternalLink.swift */,
				3374745026468DB4002114C9 /* MDToken.swift */,
				338E12A42647DAFE00C89F08 /* MDAuthInfo.swift */,
				33A6D59D26485868007AB5B4 /* MDReadMarkers.swift */,
				33A6D5A326485A68007AB5B4 /* MDReadingStatuses.swift */,
				339A33F726455162008535DA /* MDLocalizedString.swift */,
				3388B2C92649A18D00ED77B5 /* MDAtHomeNode.swift */,
				3317F9C3264D66CB005E7380 /* MDAtHomeReport.swift */,
				335984FC2691B75700005A0F /* MDReportReason.swift */,
				335985022691B81B00005A0F /* MDReport.swift */,
				338270FF265A5B8E00AB587B /* Filters */,
				3374744726468395002114C9 /* MDAuthCredentials.swift */,
				3317F9D8264D785D005E7380 /* MDAccountInfo.swift */,
			);
			path = Objects;
			sourceTree = "<group>";
		};
		3322BD49245D99120086FA81 /* Requests */ = {
			isa = PBXGroup;
			children = (
				3322BD4D245D99120086FA81 /* MDRequestHandler.swift */,
				339A345C2645A8DA008535DA /* MDResponse.swift */,
			);
			path = Requests;
			sourceTree = "<group>";
		};
		3322BD4F245D99120086FA81 /* API */ = {
			isa = PBXGroup;
			children = (
				3322BD51245D99120086FA81 /* MDApi.swift */,
				338E129B2647D48200C89F08 /* MDApi+Manga.swift */,
				3388B2BD264992CD00ED77B5 /* MDApi+Chapter.swift */,
				33248550266B76C100561361 /* MDApi+Cover.swift */,
				335B922C264C2BD000AA5CF6 /* MDApi+Group.swift */,
				33901B3B264D344D00A12755 /* MDApi+Author.swift */,
				3317F991264D5736005E7380 /* MDApi+CustomList.swift */,
				3317F9AD264D5E89005E7380 /* MDApi+User.swift */,
				3374744126468328002114C9 /* MDApi+Auth.swift */,
				3317F9D2264D77A5005E7380 /* MDApi+Account.swift */,
				337474702646A94A002114C9 /* MDApi+Infra.swift */,
				3322BD4E245D99120086FA81 /* MDConstants.swift */,
				334DE5E026445A4C006D38E3 /* MDParser.swift */,
				3322BD50245D99120086FA81 /* MDApiError.swift */,
			);
			path = API;
			sourceTree = "<group>";
		};
		3322BD83245D99900086FA81 /* Tests */ = {
			isa = PBXGroup;
			children = (
				3322BD84245D99900086FA81 /* LinuxMain.swift */,
				3322BD85245D99900086FA81 /* MangaDexLibTests */,
			);
			path = Tests;
			sourceTree = "<group>";
		};
		3322BD85245D99900086FA81 /* MangaDexLibTests */ = {
			isa = PBXGroup;
			children = (
				3322BD8B245D99900086FA81 /* MDLibApiTests.swift */,
				33901B16264D327A00A12755 /* MDLibApiTests+Manga.swift */,
				33901B1B264D32D000A12755 /* MDLibApiTests+Chapter.swift */,
				33248556266B78ED00561361 /* MDLibApiTests+Cover.swift */,
				33901B20264D330300A12755 /* MDLibApiTests+Group.swift */,
				33901B4B264D35AC00A12755 /* MDLibApiTests+Author.swift */,
				3317F99D264D5B45005E7380 /* MDLibApiTests+CustomList.swift */,
				3317F9B3264D60D8005E7380 /* MDLibApiTests+User.swift */,
				33901B25264D333800A12755 /* MDLibApiTests+Auth.swift */,
				33901B36264D338600A12755 /* MDLibApiTests+Infra.swift */,
				3322BD87245D99900086FA81 /* MDLibRequestHandlerTests.swift */,
				3322BD88245D99900086FA81 /* XCTestManifests.swift */,
				FEE09C0926BEE8E4005EF15D /* Secret.bundle */,
			);
			path = MangaDexLibTests;
			sourceTree = "<group>";
		};
		33407B97245DFF2D009B1F16 /* Paths */ = {
			isa = PBXGroup;
			children = (
				3322BD52245D99120086FA81 /* MDPath.swift */,
				3322BD53245D99120086FA81 /* MDPath+Constants.swift */,
				33407B8F245DFE3A009B1F16 /* MDPath+Manga.swift */,
				334DE5EF2644636D006D38E3 /* MDPath+Chapter.swift */,
				33248541266B710600561361 /* MDPath+Cover.swift */,
				334DE601264468DC006D38E3 /* MDPath+Group.swift */,
				334DE5FB264467B7006D38E3 /* MDPath+Author.swift */,
				334DE61326446D9B006D38E3 /* MDPath+CustomList.swift */,
				334DE5F526446405006D38E3 /* MDPath+User.swift */,
				334DE60726446947006D38E3 /* MDPath+Auth.swift */,
				334DE6282644857A006D38E3 /* MDPath+Account.swift */,
				334DE61F26447B95006D38E3 /* MDPath+Infra.swift */,
			);
			path = Paths;
			sourceTree = "<group>";
		};
		3353B56F245789BE0066B8D5 = {
			isa = PBXGroup;
			children = (
				3322BD3D245D99120086FA81 /* Sources */,
				3322BD83245D99900086FA81 /* Tests */,
				3353B57A245789BE0066B8D5 /* Products */,
				3353B5AF245791C10066B8D5 /* Frameworks */,
			);
			sourceTree = "<group>";
		};
		3353B57A245789BE0066B8D5 /* Products */ = {
			isa = PBXGroup;
			children = (
				3353B579245789BE0066B8D5 /* MangaDexLib.framework */,
				3353B59B24578A350066B8D5 /* MangaDexLibTests.xctest */,
				3322BDA8245DA4AC0086FA81 /* MangaDexLib.framework */,
			);
			name = Products;
			sourceTree = "<group>";
		};
		3353B5AF245791C10066B8D5 /* Frameworks */ = {
			isa = PBXGroup;
			children = (
				337474682646A400002114C9 /* WebKit.framework */,
				339A34572645A70C008535DA /* WebKit.framework */,
				3353B5B8245795620066B8D5 /* WebKit.framework */,
			);
			name = Frameworks;
			sourceTree = "<group>";
		};
		338270FF265A5B8E00AB587B /* Filters */ = {
			isa = PBXGroup;
			children = (
				3388B2DE2649A91D00ED77B5 /* MDPaginationFilter.swift */,
				33827103265A5BAE00AB587B /* MDMangaFilter.swift */,
				33827109265A5BC900AB587B /* MDChapterFilter.swift */,
				33827121265A616100AB587B /* MDCoverFilter.swift */,
				3382710F265A5BE900AB587B /* MDGroupFilter.swift */,
				33827115265A5BF900AB587B /* MDAuthorFilter.swift */,
				33FB8F9426726F7500D48312 /* MDUserFilter.swift */,
				3382711B265A5C0A00AB587B /* MDFeedFilter.swift */,
			);
			path = Filters;
			sourceTree = "<group>";
		};
/* End PBXGroup section */

/* Begin PBXHeadersBuildPhase section */
		3322BDA3245DA4AC0086FA81 /* Headers */ = {
			isa = PBXHeadersBuildPhase;
			buildActionMask = 2147483647;
			files = (
			);
			runOnlyForDeploymentPostprocessing = 0;
		};
		3353B574245789BE0066B8D5 /* Headers */ = {
			isa = PBXHeadersBuildPhase;
			buildActionMask = 2147483647;
			files = (
			);
			runOnlyForDeploymentPostprocessing = 0;
		};
/* End PBXHeadersBuildPhase section */

/* Begin PBXNativeTarget section */
		3322BDA7245DA4AC0086FA81 /* MangaDexLib-macOS */ = {
			isa = PBXNativeTarget;
			buildConfigurationList = 3322BDAD245DA4AC0086FA81 /* Build configuration list for PBXNativeTarget "MangaDexLib-macOS" */;
			buildPhases = (
				3322BDA3245DA4AC0086FA81 /* Headers */,
				3322BDA4245DA4AC0086FA81 /* Sources */,
				3322BDA5245DA4AC0086FA81 /* Frameworks */,
				3322BDA6245DA4AC0086FA81 /* Resources */,
				335F9CEC245E005D00EE9A52 /* SwiftLint */,
			);
			buildRules = (
			);
			dependencies = (
			);
			name = "MangaDexLib-macOS";
			packageProductDependencies = (
			);
			productName = "MangaDexLib-macOS";
			productReference = 3322BDA8245DA4AC0086FA81 /* MangaDexLib.framework */;
			productType = "com.apple.product-type.framework";
		};
		3353B578245789BE0066B8D5 /* MangaDexLib-iOS */ = {
			isa = PBXNativeTarget;
			buildConfigurationList = 3353B581245789BE0066B8D5 /* Build configuration list for PBXNativeTarget "MangaDexLib-iOS" */;
			buildPhases = (
				3353B574245789BE0066B8D5 /* Headers */,
				3353B575245789BE0066B8D5 /* Sources */,
				3353B576245789BE0066B8D5 /* Frameworks */,
				3353B577245789BE0066B8D5 /* Resources */,
				3322BD97245D9A3F0086FA81 /* SwiftLint */,
			);
			buildRules = (
			);
			dependencies = (
			);
			name = "MangaDexLib-iOS";
			packageProductDependencies = (
			);
			productName = MangaDexLib;
			productReference = 3353B579245789BE0066B8D5 /* MangaDexLib.framework */;
			productType = "com.apple.product-type.framework";
		};
		3353B59A24578A350066B8D5 /* MangaDexLibTests */ = {
			isa = PBXNativeTarget;
			buildConfigurationList = 3353B5A324578A350066B8D5 /* Build configuration list for PBXNativeTarget "MangaDexLibTests" */;
			buildPhases = (
				3353B59724578A350066B8D5 /* Sources */,
				3353B59824578A350066B8D5 /* Frameworks */,
				3353B59924578A350066B8D5 /* Resources */,
				335F9CED245E007D00EE9A52 /* SwiftLint */,
			);
			buildRules = (
			);
			dependencies = (
				3353B5A224578A350066B8D5 /* PBXTargetDependency */,
			);
			name = MangaDexLibTests;
			productName = MangaDexLibTests;
			productReference = 3353B59B24578A350066B8D5 /* MangaDexLibTests.xctest */;
			productType = "com.apple.product-type.bundle.unit-test";
		};
/* End PBXNativeTarget section */

/* Begin PBXProject section */
		3353B570245789BE0066B8D5 /* Project object */ = {
			isa = PBXProject;
			attributes = {
				LastSwiftUpdateCheck = 1140;
				LastUpgradeCheck = 1240;
				ORGANIZATIONNAME = JustKodding;
				TargetAttributes = {
					3322BDA7245DA4AC0086FA81 = {
						CreatedOnToolsVersion = 11.4.1;
					};
					3353B578245789BE0066B8D5 = {
						CreatedOnToolsVersion = 11.4.1;
						LastSwiftMigration = 1140;
					};
					3353B59A24578A350066B8D5 = {
						CreatedOnToolsVersion = 11.4.1;
					};
				};
			};
			buildConfigurationList = 3353B573245789BE0066B8D5 /* Build configuration list for PBXProject "MangaDexLib" */;
			compatibilityVersion = "Xcode 9.3";
			developmentRegion = en;
			hasScannedForEncodings = 0;
			knownRegions = (
				en,
				Base,
			);
			mainGroup = 3353B56F245789BE0066B8D5;
			packageReferences = (
			);
			productRefGroup = 3353B57A245789BE0066B8D5 /* Products */;
			projectDirPath = "";
			projectRoot = "";
			targets = (
				3353B578245789BE0066B8D5 /* MangaDexLib-iOS */,
				3322BDA7245DA4AC0086FA81 /* MangaDexLib-macOS */,
				3353B59A24578A350066B8D5 /* MangaDexLibTests */,
			);
		};
/* End PBXProject section */

/* Begin PBXResourcesBuildPhase section */
		3322BDA6245DA4AC0086FA81 /* Resources */ = {
			isa = PBXResourcesBuildPhase;
			buildActionMask = 2147483647;
			files = (
			);
			runOnlyForDeploymentPostprocessing = 0;
		};
		3353B577245789BE0066B8D5 /* Resources */ = {
			isa = PBXResourcesBuildPhase;
			buildActionMask = 2147483647;
			files = (
			);
			runOnlyForDeploymentPostprocessing = 0;
		};
		3353B59924578A350066B8D5 /* Resources */ = {
			isa = PBXResourcesBuildPhase;
			buildActionMask = 2147483647;
			files = (
				FEE09C0A26BEE8E4005EF15D /* Secret.bundle in Resources */,
			);
			runOnlyForDeploymentPostprocessing = 0;
		};
/* End PBXResourcesBuildPhase section */

/* Begin PBXShellScriptBuildPhase section */
		3322BD97245D9A3F0086FA81 /* SwiftLint */ = {
			isa = PBXShellScriptBuildPhase;
			buildActionMask = 2147483647;
			files = (
			);
			inputFileListPaths = (
			);
			inputPaths = (
			);
			name = SwiftLint;
			outputFileListPaths = (
			);
			outputPaths = (
			);
			runOnlyForDeploymentPostprocessing = 0;
			shellPath = /bin/sh;
			shellScript = "if which swiftlint >/dev/null; then\n  swiftlint\nelse\n  echo \"warning: SwiftLint not installed, download from https://github.com/realm/SwiftLint\"\nfi\n";
		};
		335F9CEC245E005D00EE9A52 /* SwiftLint */ = {
			isa = PBXShellScriptBuildPhase;
			buildActionMask = 2147483647;
			files = (
			);
			inputFileListPaths = (
			);
			inputPaths = (
			);
			name = SwiftLint;
			outputFileListPaths = (
			);
			outputPaths = (
			);
			runOnlyForDeploymentPostprocessing = 0;
			shellPath = /bin/sh;
			shellScript = "if which swiftlint >/dev/null; then\n  swiftlint\nelse\n  echo \"warning: SwiftLint not installed, download from https://github.com/realm/SwiftLint\"\nfi\n";
		};
		335F9CED245E007D00EE9A52 /* SwiftLint */ = {
			isa = PBXShellScriptBuildPhase;
			buildActionMask = 2147483647;
			files = (
			);
			inputFileListPaths = (
			);
			inputPaths = (
			);
			name = SwiftLint;
			outputFileListPaths = (
			);
			outputPaths = (
			);
			runOnlyForDeploymentPostprocessing = 0;
			shellPath = /bin/sh;
			shellScript = "if which swiftlint >/dev/null; then\n  swiftlint\nelse\n  echo \"warning: SwiftLint not installed, download from https://github.com/realm/SwiftLint\"\nfi\n";
		};
/* End PBXShellScriptBuildPhase section */

/* Begin PBXSourcesBuildPhase section */
		3322BDA4245DA4AC0086FA81 /* Sources */ = {
			isa = PBXSourcesBuildPhase;
			buildActionMask = 2147483647;
			files = (
				33901B47264D351100A12755 /* MDApi+Author.swift in Sources */,
				33248552266B76C100561361 /* MDApi+Cover.swift in Sources */,
				335F9CC9245E003E00EE9A52 /* MDConstants.swift in Sources */,
				335985042691B81B00005A0F /* MDReport.swift in Sources */,
				335F9CCA245E003E00EE9A52 /* MDApi.swift in Sources */,
				3374744926468395002114C9 /* MDAuthCredentials.swift in Sources */,
				334DE62A2644857A006D38E3 /* MDPath+Account.swift in Sources */,
				335F9CCF245E003E00EE9A52 /* MDApiError.swift in Sources */,
				335F9CD0245E003E00EE9A52 /* MDPath.swift in Sources */,
				3374744326468328002114C9 /* MDApi+Auth.swift in Sources */,
				339A340E2645606D008535DA /* MDResult.swift in Sources */,
				339A341A264560C3008535DA /* MDError.swift in Sources */,
				3317F9C5264D66CB005E7380 /* MDAtHomeReport.swift in Sources */,
				3317F9D4264D77A5005E7380 /* MDApi+Account.swift in Sources */,
				334DE60926446947006D38E3 /* MDPath+Auth.swift in Sources */,
				33A6D59F26485868007AB5B4 /* MDReadMarkers.swift in Sources */,
				3388B2E02649A91D00ED77B5 /* MDPaginationFilter.swift in Sources */,
				33827117265A5BF900AB587B /* MDAuthorFilter.swift in Sources */,
				335B922E264C2BD000AA5CF6 /* MDApi+Group.swift in Sources */,
				335F9CD1245E003E00EE9A52 /* MDPath+Constants.swift in Sources */,
				33A6D5A526485A68007AB5B4 /* MDReadingStatuses.swift in Sources */,
				337474582646904B002114C9 /* MDResultList.swift in Sources */,
				33827123265A616100AB587B /* MDCoverFilter.swift in Sources */,
				334DE61526446D9B006D38E3 /* MDPath+CustomList.swift in Sources */,
				337474722646A94A002114C9 /* MDApi+Infra.swift in Sources */,
				335F9CD4245E003E00EE9A52 /* MDPath+Manga.swift in Sources */,
				335F9CD6245E003E00EE9A52 /* MDChapter.swift in Sources */,
				335F9CD7245E003E00EE9A52 /* MDManga.swift in Sources */,
				33827129265A67E800AB587B /* MDAggregate.swift in Sources */,
				334DE62126447B95006D38E3 /* MDPath+Infra.swift in Sources */,
				338E12A62647DAFE00C89F08 /* MDAuthInfo.swift in Sources */,
				339A345E2645A8DA008535DA /* MDResponse.swift in Sources */,
				33FB8F9626726F7500D48312 /* MDUserFilter.swift in Sources */,
				33827111265A5BE900AB587B /* MDGroupFilter.swift in Sources */,
				3324854C266B725F00561361 /* MDCover.swift in Sources */,
				335F9CDA245E003E00EE9A52 /* MDGroup.swift in Sources */,
				338E129D2647D48200C89F08 /* MDApi+Manga.swift in Sources */,
				339A33F926455162008535DA /* MDLocalizedString.swift in Sources */,
				3317F999264D5796005E7380 /* MDCustomList.swift in Sources */,
				3317F9DA264D785D005E7380 /* MDAccountInfo.swift in Sources */,
				3388B2CB2649A18D00ED77B5 /* MDAtHomeNode.swift in Sources */,
				335F9CDB245E003E00EE9A52 /* MDExternalLink.swift in Sources */,
				339A33FF26455817008535DA /* MDTag.swift in Sources */,
				338E12AF2647DCD200C89F08 /* MDObject.swift in Sources */,
				334DE5F12644636D006D38E3 /* MDPath+Chapter.swift in Sources */,
				33827105265A5BAE00AB587B /* MDMangaFilter.swift in Sources */,
				334DE5E226445A4C006D38E3 /* MDParser.swift in Sources */,
				335984FE2691B75700005A0F /* MDReportReason.swift in Sources */,
				3388B2BF264992CD00ED77B5 /* MDApi+Chapter.swift in Sources */,
				3359850A2691BB8900005A0F /* MDObjectList.swift in Sources */,
				334DE603264468DC006D38E3 /* MDPath+Group.swift in Sources */,
				335F9CDC245E003E00EE9A52 /* MDUser.swift in Sources */,
				3317F993264D5736005E7380 /* MDApi+CustomList.swift in Sources */,
				3374745226468DB4002114C9 /* MDToken.swift in Sources */,
				334DE5FD264467B7006D38E3 /* MDPath+Author.swift in Sources */,
				339A340526455D92008535DA /* MDRelationship.swift in Sources */,
				335F9CE8245E003E00EE9A52 /* MDRequestHandler.swift in Sources */,
				3382711D265A5C0A00AB587B /* MDFeedFilter.swift in Sources */,
				3317F9AF264D5E89005E7380 /* MDApi+User.swift in Sources */,
				339A342C26459865008535DA /* MDAuthor.swift in Sources */,
				334DE5F726446405006D38E3 /* MDPath+User.swift in Sources */,
				33248543266B710600561361 /* MDPath+Cover.swift in Sources */,
				3382710B265A5BC900AB587B /* MDChapterFilter.swift in Sources */,
				3317F9CB264D6A0C005E7380 /* MDMapping.swift in Sources */,
			);
			runOnlyForDeploymentPostprocessing = 0;
		};
		3353B575245789BE0066B8D5 /* Sources */ = {
			isa = PBXSourcesBuildPhase;
			buildActionMask = 2147483647;
			files = (
				33901B43264D350900A12755 /* MDApi+Author.swift in Sources */,
				33248551266B76C100561361 /* MDApi+Cover.swift in Sources */,
				3322BD6F245D99130086FA81 /* MDRequestHandler.swift in Sources */,
				335985032691B81B00005A0F /* MDReport.swift in Sources */,
				3322BD72245D99130086FA81 /* MDApi.swift in Sources */,
				3374744826468395002114C9 /* MDAuthCredentials.swift in Sources */,
				334DE6292644857A006D38E3 /* MDPath+Account.swift in Sources */,
				3322BD70245D99130086FA81 /* MDConstants.swift in Sources */,
				3322BD73245D99130086FA81 /* MDPath.swift in Sources */,
				3374744226468328002114C9 /* MDApi+Auth.swift in Sources */,
				3322BD69245D99130086FA81 /* MDExternalLink.swift in Sources */,
				339A340D2645606D008535DA /* MDResult.swift in Sources */,
				3317F9C4264D66CB005E7380 /* MDAtHomeReport.swift in Sources */,
				3317F9D3264D77A5005E7380 /* MDApi+Account.swift in Sources */,
				339A3419264560C3008535DA /* MDError.swift in Sources */,
				33A6D59E26485868007AB5B4 /* MDReadMarkers.swift in Sources */,
				3388B2DF2649A91D00ED77B5 /* MDPaginationFilter.swift in Sources */,
				33827116265A5BF900AB587B /* MDAuthorFilter.swift in Sources */,
				335B922D264C2BD000AA5CF6 /* MDApi+Group.swift in Sources */,
				334DE60826446947006D38E3 /* MDPath+Auth.swift in Sources */,
				33A6D5A426485A68007AB5B4 /* MDReadingStatuses.swift in Sources */,
				337474572646904B002114C9 /* MDResultList.swift in Sources */,
				33827122265A616100AB587B /* MDCoverFilter.swift in Sources */,
				334DE61426446D9B006D38E3 /* MDPath+CustomList.swift in Sources */,
				337474712646A94A002114C9 /* MDApi+Infra.swift in Sources */,
				3322BD68245D99130086FA81 /* MDUser.swift in Sources */,
				3322BD65245D99130086FA81 /* MDChapter.swift in Sources */,
				334DE62026447B95006D38E3 /* MDPath+Infra.swift in Sources */,
				33827128265A67E800AB587B /* MDAggregate.swift in Sources */,
				3322BD67245D99130086FA81 /* MDGroup.swift in Sources */,
				338E12A52647DAFE00C89F08 /* MDAuthInfo.swift in Sources */,
				339A345D2645A8DA008535DA /* MDResponse.swift in Sources */,
				33FB8F9526726F7500D48312 /* MDUserFilter.swift in Sources */,
				33827110265A5BE900AB587B /* MDGroupFilter.swift in Sources */,
				3324854B266B725F00561361 /* MDCover.swift in Sources */,
				3322BD71245D99130086FA81 /* MDApiError.swift in Sources */,
				338E129C2647D48200C89F08 /* MDApi+Manga.swift in Sources */,
				339A33F826455162008535DA /* MDLocalizedString.swift in Sources */,
				3317F998264D5796005E7380 /* MDCustomList.swift in Sources */,
				3317F9D9264D785D005E7380 /* MDAccountInfo.swift in Sources */,
				3388B2CA2649A18D00ED77B5 /* MDAtHomeNode.swift in Sources */,
				339A33FE26455817008535DA /* MDTag.swift in Sources */,
				334DE5F02644636D006D38E3 /* MDPath+Chapter.swift in Sources */,
				338E12AE2647DCD200C89F08 /* MDObject.swift in Sources */,
				334DE5E126445A4C006D38E3 /* MDParser.swift in Sources */,
				33827104265A5BAE00AB587B /* MDMangaFilter.swift in Sources */,
				334DE602264468DC006D38E3 /* MDPath+Group.swift in Sources */,
				335984FD2691B75700005A0F /* MDReportReason.swift in Sources */,
				3388B2BE264992CD00ED77B5 /* MDApi+Chapter.swift in Sources */,
				335985092691BB8900005A0F /* MDObjectList.swift in Sources */,
				3322BD74245D99130086FA81 /* MDPath+Constants.swift in Sources */,
				334DE5FC264467B7006D38E3 /* MDPath+Author.swift in Sources */,
				3317F992264D5736005E7380 /* MDApi+CustomList.swift in Sources */,
				3374745126468DB4002114C9 /* MDToken.swift in Sources */,
				339A340426455D92008535DA /* MDRelationship.swift in Sources */,
				33407B90245DFE3A009B1F16 /* MDPath+Manga.swift in Sources */,
				339A342B26459865008535DA /* MDAuthor.swift in Sources */,
				3382711C265A5C0A00AB587B /* MDFeedFilter.swift in Sources */,
				3317F9AE264D5E89005E7380 /* MDApi+User.swift in Sources */,
				3322BD63245D99130086FA81 /* MDManga.swift in Sources */,
				334DE5F626446405006D38E3 /* MDPath+User.swift in Sources */,
				33248542266B710600561361 /* MDPath+Cover.swift in Sources */,
				3382710A265A5BC900AB587B /* MDChapterFilter.swift in Sources */,
				3317F9CA264D6A0C005E7380 /* MDMapping.swift in Sources */,
			);
			runOnlyForDeploymentPostprocessing = 0;
		};
		3353B59724578A350066B8D5 /* Sources */ = {
			isa = PBXSourcesBuildPhase;
			buildActionMask = 2147483647;
			files = (
				33248562266B793800561361 /* MDLibApiTests+Cover.swift in Sources */,
				3317F9B9264D612D005E7380 /* MDLibApiTests+User.swift in Sources */,
				3317F9A9264D5B7D005E7380 /* MDLibApiTests+CustomList.swift in Sources */,
				33901B37264D338600A12755 /* MDLibApiTests+Infra.swift in Sources */,
				33901B1C264D32D000A12755 /* MDLibApiTests+Chapter.swift in Sources */,
				3322BD90245D99900086FA81 /* MDLibRequestHandlerTests.swift in Sources */,
				33901B17264D327A00A12755 /* MDLibApiTests+Manga.swift in Sources */,
				3322BD94245D99900086FA81 /* MDLibApiTests.swift in Sources */,
				33901B4C264D35AC00A12755 /* MDLibApiTests+Author.swift in Sources */,
				33901B26264D333800A12755 /* MDLibApiTests+Auth.swift in Sources */,
				33901B21264D330300A12755 /* MDLibApiTests+Group.swift in Sources */,
			);
			runOnlyForDeploymentPostprocessing = 0;
		};
/* End PBXSourcesBuildPhase section */

/* Begin PBXTargetDependency section */
		3353B5A224578A350066B8D5 /* PBXTargetDependency */ = {
			isa = PBXTargetDependency;
			target = 3353B578245789BE0066B8D5 /* MangaDexLib-iOS */;
			targetProxy = 3353B5A124578A350066B8D5 /* PBXContainerItemProxy */;
		};
/* End PBXTargetDependency section */

/* Begin XCBuildConfiguration section */
		3322BDAE245DA4AC0086FA81 /* Debug */ = {
			isa = XCBuildConfiguration;
			buildSettings = {
				APPLICATION_EXTENSION_API_ONLY = YES;
				CODE_SIGN_STYLE = Manual;
				COMBINE_HIDPI_IMAGES = YES;
				CURRENT_PROJECT_VERSION = 2;
				DEFINES_MODULE = YES;
				DEVELOPMENT_TEAM = "";
				DYLIB_COMPATIBILITY_VERSION = 1;
				DYLIB_CURRENT_VERSION = 1;
				DYLIB_INSTALL_NAME_BASE = "@rpath";
				INFOPLIST_FILE = Sources/Info.plist;
				INSTALL_PATH = "$(LOCAL_LIBRARY_DIR)/Frameworks";
				LD_RUNPATH_SEARCH_PATHS = (
					"$(inherited)",
					"@executable_path/../Frameworks",
					"@loader_path/Frameworks",
				);
				MARKETING_VERSION = 0.5;
				PRODUCT_BUNDLE_IDENTIFIER = com.JustKodding.MangaDexLib;
				PRODUCT_NAME = "$(PROJECT_NAME)";
				PROVISIONING_PROFILE_SPECIFIER = "";
				SDKROOT = macosx;
				SKIP_INSTALL = YES;
				SWIFT_VERSION = 5.0;
			};
			name = Debug;
		};
		3322BDAF245DA4AC0086FA81 /* Release */ = {
			isa = XCBuildConfiguration;
			buildSettings = {
				APPLICATION_EXTENSION_API_ONLY = YES;
				CODE_SIGN_STYLE = Manual;
				COMBINE_HIDPI_IMAGES = YES;
				CURRENT_PROJECT_VERSION = 2;
				DEFINES_MODULE = YES;
				DEVELOPMENT_TEAM = "";
				DYLIB_COMPATIBILITY_VERSION = 1;
				DYLIB_CURRENT_VERSION = 1;
				DYLIB_INSTALL_NAME_BASE = "@rpath";
				INFOPLIST_FILE = Sources/Info.plist;
				INSTALL_PATH = "$(LOCAL_LIBRARY_DIR)/Frameworks";
				LD_RUNPATH_SEARCH_PATHS = (
					"$(inherited)",
					"@executable_path/../Frameworks",
					"@loader_path/Frameworks",
				);
				MARKETING_VERSION = 0.5;
				PRODUCT_BUNDLE_IDENTIFIER = com.JustKodding.MangaDexLib;
				PRODUCT_NAME = "$(PROJECT_NAME)";
				PROVISIONING_PROFILE_SPECIFIER = "";
				SDKROOT = macosx;
				SKIP_INSTALL = YES;
				SWIFT_VERSION = 5.0;
			};
			name = Release;
		};
		3353B57F245789BE0066B8D5 /* Debug */ = {
			isa = XCBuildConfiguration;
			buildSettings = {
				ALWAYS_SEARCH_USER_PATHS = NO;
				CLANG_ANALYZER_NONNULL = YES;
				CLANG_ANALYZER_NUMBER_OBJECT_CONVERSION = YES_AGGRESSIVE;
				CLANG_CXX_LANGUAGE_STANDARD = "gnu++14";
				CLANG_CXX_LIBRARY = "libc++";
				CLANG_ENABLE_MODULES = YES;
				CLANG_ENABLE_OBJC_ARC = YES;
				CLANG_ENABLE_OBJC_WEAK = YES;
				CLANG_WARN_BLOCK_CAPTURE_AUTORELEASING = YES;
				CLANG_WARN_BOOL_CONVERSION = YES;
				CLANG_WARN_COMMA = YES;
				CLANG_WARN_CONSTANT_CONVERSION = YES;
				CLANG_WARN_DEPRECATED_OBJC_IMPLEMENTATIONS = YES;
				CLANG_WARN_DIRECT_OBJC_ISA_USAGE = YES_ERROR;
				CLANG_WARN_DOCUMENTATION_COMMENTS = YES;
				CLANG_WARN_EMPTY_BODY = YES;
				CLANG_WARN_ENUM_CONVERSION = YES;
				CLANG_WARN_INFINITE_RECURSION = YES;
				CLANG_WARN_INT_CONVERSION = YES;
				CLANG_WARN_NON_LITERAL_NULL_CONVERSION = YES;
				CLANG_WARN_OBJC_IMPLICIT_RETAIN_SELF = YES;
				CLANG_WARN_OBJC_LITERAL_CONVERSION = YES;
				CLANG_WARN_OBJC_ROOT_CLASS = YES_ERROR;
				CLANG_WARN_QUOTED_INCLUDE_IN_FRAMEWORK_HEADER = YES;
				CLANG_WARN_RANGE_LOOP_ANALYSIS = YES;
				CLANG_WARN_STRICT_PROTOTYPES = YES;
				CLANG_WARN_SUSPICIOUS_MOVE = YES;
				CLANG_WARN_UNGUARDED_AVAILABILITY = YES_AGGRESSIVE;
				CLANG_WARN_UNREACHABLE_CODE = YES;
				CLANG_WARN__DUPLICATE_METHOD_MATCH = YES;
				COPY_PHASE_STRIP = NO;
				CURRENT_PROJECT_VERSION = 1;
				DEBUG_INFORMATION_FORMAT = dwarf;
				ENABLE_STRICT_OBJC_MSGSEND = YES;
				ENABLE_TESTABILITY = YES;
				GCC_C_LANGUAGE_STANDARD = gnu11;
				GCC_DYNAMIC_NO_PIC = NO;
				GCC_NO_COMMON_BLOCKS = YES;
				GCC_OPTIMIZATION_LEVEL = 0;
				GCC_PREPROCESSOR_DEFINITIONS = (
					"DEBUG=1",
					"$(inherited)",
				);
				GCC_WARN_64_TO_32_BIT_CONVERSION = YES;
				GCC_WARN_ABOUT_RETURN_TYPE = YES_ERROR;
				GCC_WARN_UNDECLARED_SELECTOR = YES;
				GCC_WARN_UNINITIALIZED_AUTOS = YES_AGGRESSIVE;
				GCC_WARN_UNUSED_FUNCTION = YES;
				GCC_WARN_UNUSED_VARIABLE = YES;
				IPHONEOS_DEPLOYMENT_TARGET = 12.0;
				MACOSX_DEPLOYMENT_TARGET = 10.12;
				MTL_ENABLE_DEBUG_INFO = INCLUDE_SOURCE;
				MTL_FAST_MATH = YES;
				ONLY_ACTIVE_ARCH = YES;
				SDKROOT = iphoneos;
				SWIFT_ACTIVE_COMPILATION_CONDITIONS = DEBUG;
				SWIFT_OPTIMIZATION_LEVEL = "-Onone";
				VERSIONING_SYSTEM = "apple-generic";
				VERSION_INFO_PREFIX = "";
			};
			name = Debug;
		};
		3353B580245789BE0066B8D5 /* Release */ = {
			isa = XCBuildConfiguration;
			buildSettings = {
				ALWAYS_SEARCH_USER_PATHS = NO;
				CLANG_ANALYZER_NONNULL = YES;
				CLANG_ANALYZER_NUMBER_OBJECT_CONVERSION = YES_AGGRESSIVE;
				CLANG_CXX_LANGUAGE_STANDARD = "gnu++14";
				CLANG_CXX_LIBRARY = "libc++";
				CLANG_ENABLE_MODULES = YES;
				CLANG_ENABLE_OBJC_ARC = YES;
				CLANG_ENABLE_OBJC_WEAK = YES;
				CLANG_WARN_BLOCK_CAPTURE_AUTORELEASING = YES;
				CLANG_WARN_BOOL_CONVERSION = YES;
				CLANG_WARN_COMMA = YES;
				CLANG_WARN_CONSTANT_CONVERSION = YES;
				CLANG_WARN_DEPRECATED_OBJC_IMPLEMENTATIONS = YES;
				CLANG_WARN_DIRECT_OBJC_ISA_USAGE = YES_ERROR;
				CLANG_WARN_DOCUMENTATION_COMMENTS = YES;
				CLANG_WARN_EMPTY_BODY = YES;
				CLANG_WARN_ENUM_CONVERSION = YES;
				CLANG_WARN_INFINITE_RECURSION = YES;
				CLANG_WARN_INT_CONVERSION = YES;
				CLANG_WARN_NON_LITERAL_NULL_CONVERSION = YES;
				CLANG_WARN_OBJC_IMPLICIT_RETAIN_SELF = YES;
				CLANG_WARN_OBJC_LITERAL_CONVERSION = YES;
				CLANG_WARN_OBJC_ROOT_CLASS = YES_ERROR;
				CLANG_WARN_QUOTED_INCLUDE_IN_FRAMEWORK_HEADER = YES;
				CLANG_WARN_RANGE_LOOP_ANALYSIS = YES;
				CLANG_WARN_STRICT_PROTOTYPES = YES;
				CLANG_WARN_SUSPICIOUS_MOVE = YES;
				CLANG_WARN_UNGUARDED_AVAILABILITY = YES_AGGRESSIVE;
				CLANG_WARN_UNREACHABLE_CODE = YES;
				CLANG_WARN__DUPLICATE_METHOD_MATCH = YES;
				COPY_PHASE_STRIP = NO;
				CURRENT_PROJECT_VERSION = 1;
				DEBUG_INFORMATION_FORMAT = "dwarf-with-dsym";
				ENABLE_NS_ASSERTIONS = NO;
				ENABLE_STRICT_OBJC_MSGSEND = YES;
				GCC_C_LANGUAGE_STANDARD = gnu11;
				GCC_NO_COMMON_BLOCKS = YES;
				GCC_WARN_64_TO_32_BIT_CONVERSION = YES;
				GCC_WARN_ABOUT_RETURN_TYPE = YES_ERROR;
				GCC_WARN_UNDECLARED_SELECTOR = YES;
				GCC_WARN_UNINITIALIZED_AUTOS = YES_AGGRESSIVE;
				GCC_WARN_UNUSED_FUNCTION = YES;
				GCC_WARN_UNUSED_VARIABLE = YES;
				IPHONEOS_DEPLOYMENT_TARGET = 12.0;
				MACOSX_DEPLOYMENT_TARGET = 10.12;
				MTL_ENABLE_DEBUG_INFO = NO;
				MTL_FAST_MATH = YES;
				SDKROOT = iphoneos;
				SWIFT_COMPILATION_MODE = wholemodule;
				SWIFT_OPTIMIZATION_LEVEL = "-O";
				VALIDATE_PRODUCT = YES;
				VERSIONING_SYSTEM = "apple-generic";
				VERSION_INFO_PREFIX = "";
			};
			name = Release;
		};
		3353B582245789BE0066B8D5 /* Debug */ = {
			isa = XCBuildConfiguration;
			buildSettings = {
				APPLICATION_EXTENSION_API_ONLY = YES;
				CLANG_ENABLE_MODULES = YES;
				CODE_SIGN_STYLE = Manual;
				CURRENT_PROJECT_VERSION = 2;
				DEFINES_MODULE = YES;
				DEVELOPMENT_TEAM = "";
				DYLIB_COMPATIBILITY_VERSION = 1;
				DYLIB_CURRENT_VERSION = 1;
				DYLIB_INSTALL_NAME_BASE = "@rpath";
				INFOPLIST_FILE = Sources/Info.plist;
				INSTALL_PATH = "$(LOCAL_LIBRARY_DIR)/Frameworks";
				LD_RUNPATH_SEARCH_PATHS = (
					"$(inherited)",
					"@executable_path/Frameworks",
					"@loader_path/Frameworks",
				);
				MARKETING_VERSION = 0.5;
				PRODUCT_BUNDLE_IDENTIFIER = com.JustKodding.MangaDexLib;
				PRODUCT_NAME = "$(PROJECT_NAME)";
				PROVISIONING_PROFILE_SPECIFIER = "";
				"PROVISIONING_PROFILE_SPECIFIER[sdk=macosx*]" = "";
				SKIP_INSTALL = YES;
				SUPPORTS_MACCATALYST = YES;
				SWIFT_OPTIMIZATION_LEVEL = "-Onone";
				SWIFT_VERSION = 5.0;
				TARGETED_DEVICE_FAMILY = "1,2";
			};
			name = Debug;
		};
		3353B583245789BE0066B8D5 /* Release */ = {
			isa = XCBuildConfiguration;
			buildSettings = {
				APPLICATION_EXTENSION_API_ONLY = YES;
				CLANG_ENABLE_MODULES = YES;
				CODE_SIGN_STYLE = Manual;
				CURRENT_PROJECT_VERSION = 2;
				DEFINES_MODULE = YES;
				DEVELOPMENT_TEAM = "";
				DYLIB_COMPATIBILITY_VERSION = 1;
				DYLIB_CURRENT_VERSION = 1;
				DYLIB_INSTALL_NAME_BASE = "@rpath";
				INFOPLIST_FILE = Sources/Info.plist;
				INSTALL_PATH = "$(LOCAL_LIBRARY_DIR)/Frameworks";
				LD_RUNPATH_SEARCH_PATHS = (
					"$(inherited)",
					"@executable_path/Frameworks",
					"@loader_path/Frameworks",
				);
				MARKETING_VERSION = 0.5;
				PRODUCT_BUNDLE_IDENTIFIER = com.JustKodding.MangaDexLib;
				PRODUCT_NAME = "$(PROJECT_NAME)";
				PROVISIONING_PROFILE_SPECIFIER = "";
				"PROVISIONING_PROFILE_SPECIFIER[sdk=macosx*]" = "";
				SKIP_INSTALL = YES;
				SUPPORTS_MACCATALYST = YES;
				SWIFT_VERSION = 5.0;
				TARGETED_DEVICE_FAMILY = "1,2";
			};
			name = Release;
		};
		3353B5A424578A350066B8D5 /* Debug */ = {
			isa = XCBuildConfiguration;
			buildSettings = {
				ALWAYS_EMBED_SWIFT_STANDARD_LIBRARIES = YES;
				CODE_SIGN_IDENTITY = "Apple Development";
				"CODE_SIGN_IDENTITY[sdk=macosx*]" = "-";
				CODE_SIGN_STYLE = Manual;
				DEVELOPMENT_TEAM = "";
				INFOPLIST_FILE = Tests/Info.plist;
				LD_RUNPATH_SEARCH_PATHS = (
					"$(inherited)",
					"@executable_path/Frameworks",
					"@loader_path/Frameworks",
				);
				PRODUCT_BUNDLE_IDENTIFIER = com.JustKodding.MangaDexLibTests;
				PRODUCT_NAME = "$(TARGET_NAME)";
				PROVISIONING_PROFILE_SPECIFIER = "";
				"PROVISIONING_PROFILE_SPECIFIER[sdk=macosx*]" = "";
				SWIFT_VERSION = 5.0;
				TARGETED_DEVICE_FAMILY = "1,2";
			};
			name = Debug;
		};
		3353B5A524578A350066B8D5 /* Release */ = {
			isa = XCBuildConfiguration;
			buildSettings = {
				ALWAYS_EMBED_SWIFT_STANDARD_LIBRARIES = YES;
				CODE_SIGN_IDENTITY = "Apple Development";
				"CODE_SIGN_IDENTITY[sdk=macosx*]" = "-";
				CODE_SIGN_STYLE = Manual;
				DEVELOPMENT_TEAM = "";
				INFOPLIST_FILE = Tests/Info.plist;
				LD_RUNPATH_SEARCH_PATHS = (
					"$(inherited)",
					"@executable_path/Frameworks",
					"@loader_path/Frameworks",
				);
				PRODUCT_BUNDLE_IDENTIFIER = com.JustKodding.MangaDexLibTests;
				PRODUCT_NAME = "$(TARGET_NAME)";
				PROVISIONING_PROFILE_SPECIFIER = "";
				"PROVISIONING_PROFILE_SPECIFIER[sdk=macosx*]" = "";
				SWIFT_VERSION = 5.0;
				TARGETED_DEVICE_FAMILY = "1,2";
			};
			name = Release;
		};
/* End XCBuildConfiguration section */

/* Begin XCConfigurationList section */
		3322BDAD245DA4AC0086FA81 /* Build configuration list for PBXNativeTarget "MangaDexLib-macOS" */ = {
			isa = XCConfigurationList;
			buildConfigurations = (
				3322BDAE245DA4AC0086FA81 /* Debug */,
				3322BDAF245DA4AC0086FA81 /* Release */,
			);
			defaultConfigurationIsVisible = 0;
			defaultConfigurationName = Release;
		};
		3353B573245789BE0066B8D5 /* Build configuration list for PBXProject "MangaDexLib" */ = {
			isa = XCConfigurationList;
			buildConfigurations = (
				3353B57F245789BE0066B8D5 /* Debug */,
				3353B580245789BE0066B8D5 /* Release */,
			);
			defaultConfigurationIsVisible = 0;
			defaultConfigurationName = Release;
		};
		3353B581245789BE0066B8D5 /* Build configuration list for PBXNativeTarget "MangaDexLib-iOS" */ = {
			isa = XCConfigurationList;
			buildConfigurations = (
				3353B582245789BE0066B8D5 /* Debug */,
				3353B583245789BE0066B8D5 /* Release */,
			);
			defaultConfigurationIsVisible = 0;
			defaultConfigurationName = Release;
		};
		3353B5A324578A350066B8D5 /* Build configuration list for PBXNativeTarget "MangaDexLibTests" */ = {
			isa = XCConfigurationList;
			buildConfigurations = (
				3353B5A424578A350066B8D5 /* Debug */,
				3353B5A524578A350066B8D5 /* Release */,
			);
			defaultConfigurationIsVisible = 0;
			defaultConfigurationName = Release;
		};
/* End XCConfigurationList section */
	};
	rootObject = 3353B570245789BE0066B8D5 /* Project object */;
}
